// !$*UTF8*$!
{
	archiveVersion = 1;
	classes = {
	};
	objectVersion = 55;
	objects = {

/* Begin PBXBuildFile section */
		261F780A27AB9D1E00B12235 /* CellStyleMenuViewController.swift in Sources */ = {isa = PBXBuildFile; fileRef = 261F780327AB9D1E00B12235 /* CellStyleMenuViewController.swift */; };
		261F780B27AB9D1E00B12235 /* CellStyleMenuItem.swift in Sources */ = {isa = PBXBuildFile; fileRef = 261F780427AB9D1E00B12235 /* CellStyleMenuItem.swift */; };
		261F780C27AB9D1E00B12235 /* CellStyleBodyViewController.swift in Sources */ = {isa = PBXBuildFile; fileRef = 261F780627AB9D1E00B12235 /* CellStyleBodyViewController.swift */; };
		261F780D27AB9D1E00B12235 /* CellStyleLongTextViewController.swift in Sources */ = {isa = PBXBuildFile; fileRef = 261F780727AB9D1E00B12235 /* CellStyleLongTextViewController.swift */; };
		261F780E27AB9D1E00B12235 /* CellStyleDefaultFontViewController.swift in Sources */ = {isa = PBXBuildFile; fileRef = 261F780827AB9D1E00B12235 /* CellStyleDefaultFontViewController.swift */; };
		261F780F27AB9D1E00B12235 /* CellStyleTitle3ViewController.swift in Sources */ = {isa = PBXBuildFile; fileRef = 261F780927AB9D1E00B12235 /* CellStyleTitle3ViewController.swift */; };
		261F781127AB9EB900B12235 /* CellStyleBaseViewController.swift in Sources */ = {isa = PBXBuildFile; fileRef = 261F781027AB9EB900B12235 /* CellStyleBaseViewController.swift */; };
		261F781527ABA3BB00B12235 /* TableViewHeadersAndFoottersViewController.swift in Sources */ = {isa = PBXBuildFile; fileRef = 261F781427ABA3BB00B12235 /* TableViewHeadersAndFoottersViewController.swift */; };
		261F781827ABA44900B12235 /* TableViewHeaderFooterView.xib in Resources */ = {isa = PBXBuildFile; fileRef = 261F781727ABA44900B12235 /* TableViewHeaderFooterView.xib */; };
		261F781A27ABA49700B12235 /* TableViewHeaderFooterView.swift in Sources */ = {isa = PBXBuildFile; fileRef = 261F781927ABA49700B12235 /* TableViewHeaderFooterView.swift */; };
		261F781C27AC4EC800B12235 /* TableViewSectionHeaderView.xib in Resources */ = {isa = PBXBuildFile; fileRef = 261F781B27AC4EC800B12235 /* TableViewSectionHeaderView.xib */; };
		261F781E27AC4EDD00B12235 /* TableViewSectionHeaderView.swift in Sources */ = {isa = PBXBuildFile; fileRef = 261F781D27AC4EDD00B12235 /* TableViewSectionHeaderView.swift */; };
		261F782127AC700000B12235 /* TableViewSectionIndexViewController.swift in Sources */ = {isa = PBXBuildFile; fileRef = 261F782027AC700000B12235 /* TableViewSectionIndexViewController.swift */; };
		261F782427AC72B500B12235 /* personData.json in Resources */ = {isa = PBXBuildFile; fileRef = 261F782327AC72B500B12235 /* personData.json */; };
		261F782927AC731D00B12235 /* Person.swift in Sources */ = {isa = PBXBuildFile; fileRef = 261F782827AC731D00B12235 /* Person.swift */; };
		261F782C27AC73AE00B12235 /* TableViewSectionIndexViewModel.swift in Sources */ = {isa = PBXBuildFile; fileRef = 261F782B27AC73AE00B12235 /* TableViewSectionIndexViewModel.swift */; };
		2658055127AEE408002255F7 /* ButtonClicksCounter.swift in Sources */ = {isa = PBXBuildFile; fileRef = 2658055027AEE408002255F7 /* ButtonClicksCounter.swift */; };
		2658055427AFB705002255F7 /* BaseTextFieldViewController.swift in Sources */ = {isa = PBXBuildFile; fileRef = 2658055327AFB705002255F7 /* BaseTextFieldViewController.swift */; };
		267400B727836A5C00BCA6D3 /* AllElements.storyboard in Resources */ = {isa = PBXBuildFile; fileRef = 267400B627836A5C00BCA6D3 /* AllElements.storyboard */; };
		267400B927836A7200BCA6D3 /* AllElementsViewController.swift in Sources */ = {isa = PBXBuildFile; fileRef = 267400B827836A7200BCA6D3 /* AllElementsViewController.swift */; };
		2696CFED279B0183004521F0 /* TextStyles.storyboard in Resources */ = {isa = PBXBuildFile; fileRef = 2696CFEC279B0183004521F0 /* TextStyles.storyboard */; };
		2696CFF0279B030F004521F0 /* LabelMenuViewController.swift in Sources */ = {isa = PBXBuildFile; fileRef = 2696CFEF279B030F004521F0 /* LabelMenuViewController.swift */; };
		2696CFF2279B0316004521F0 /* LabelMenuItem.swift in Sources */ = {isa = PBXBuildFile; fileRef = 2696CFF1279B0316004521F0 /* LabelMenuItem.swift */; };
		2696CFF4279B0324004521F0 /* LabelMenu.storyboard in Resources */ = {isa = PBXBuildFile; fileRef = 2696CFF3279B0324004521F0 /* LabelMenu.storyboard */; };
		2696CFF9279B0598004521F0 /* FontSizes.storyboard in Resources */ = {isa = PBXBuildFile; fileRef = 2696CFF8279B0598004521F0 /* FontSizes.storyboard */; };
		2696CFFB279B05A1004521F0 /* FontWeights.storyboard in Resources */ = {isa = PBXBuildFile; fileRef = 2696CFFA279B05A1004521F0 /* FontWeights.storyboard */; };
		2696CFFD279B0D02004521F0 /* FontWeightsViewController.swift in Sources */ = {isa = PBXBuildFile; fileRef = 2696CFFC279B0D02004521F0 /* FontWeightsViewController.swift */; };
		2696CFFF279B0D0D004521F0 /* FontSizesViewController.swift in Sources */ = {isa = PBXBuildFile; fileRef = 2696CFFE279B0D0D004521F0 /* FontSizesViewController.swift */; };
		2696D001279B0D15004521F0 /* TextStylesViewController.swift in Sources */ = {isa = PBXBuildFile; fileRef = 2696D000279B0D15004521F0 /* TextStylesViewController.swift */; };
		2696D00A279B2D2A004521F0 /* ButtonStyles.storyboard in Resources */ = {isa = PBXBuildFile; fileRef = 2696D009279B2D2A004521F0 /* ButtonStyles.storyboard */; };
		2696D00C279B2D33004521F0 /* ButtonStylesViewController.swift in Sources */ = {isa = PBXBuildFile; fileRef = 2696D00B279B2D33004521F0 /* ButtonStylesViewController.swift */; };
		2696D00E279B2D43004521F0 /* ButtonSystemSizesViewController.swift in Sources */ = {isa = PBXBuildFile; fileRef = 2696D00D279B2D43004521F0 /* ButtonSystemSizesViewController.swift */; };
		2696D010279B2D5E004521F0 /* ButtonSystemSizes.storyboard in Resources */ = {isa = PBXBuildFile; fileRef = 2696D00F279B2D5E004521F0 /* ButtonSystemSizes.storyboard */; };
		2696D013279B2D8A004521F0 /* ButtonToggle.storyboard in Resources */ = {isa = PBXBuildFile; fileRef = 2696D012279B2D8A004521F0 /* ButtonToggle.storyboard */; };
		2696D015279B2D94004521F0 /* ButtonToggleViewController.swift in Sources */ = {isa = PBXBuildFile; fileRef = 2696D014279B2D94004521F0 /* ButtonToggleViewController.swift */; };
		2696D018279B2F0B004521F0 /* ButtonCornerStyleViewController.swift in Sources */ = {isa = PBXBuildFile; fileRef = 2696D017279B2F0B004521F0 /* ButtonCornerStyleViewController.swift */; };
		2696D01A279B2F10004521F0 /* ButtonCornerStyle.storyboard in Resources */ = {isa = PBXBuildFile; fileRef = 2696D019279B2F10004521F0 /* ButtonCornerStyle.storyboard */; };
		2696D022279B3031004521F0 /* OtherButtonsViewController.swift in Sources */ = {isa = PBXBuildFile; fileRef = 2696D021279B3031004521F0 /* OtherButtonsViewController.swift */; };
		2696D024279B3037004521F0 /* OtherButtons.storyboard in Resources */ = {isa = PBXBuildFile; fileRef = 2696D023279B3037004521F0 /* OtherButtons.storyboard */; };
		26A3C64B27A310030029020F /* TextViewNonEditableNonSelectable.storyboard in Resources */ = {isa = PBXBuildFile; fileRef = 26A3C63A27A310030029020F /* TextViewNonEditableNonSelectable.storyboard */; };
		26A3C64C27A310030029020F /* TextViewNonEditableNonSelectableViewController.swift in Sources */ = {isa = PBXBuildFile; fileRef = 26A3C63B27A310030029020F /* TextViewNonEditableNonSelectableViewController.swift */; };
		26A3C64D27A310030029020F /* TextViewEditable.storyboard in Resources */ = {isa = PBXBuildFile; fileRef = 26A3C63D27A310030029020F /* TextViewEditable.storyboard */; };
		26A3C64E27A310030029020F /* TextViewEditableViewController.swift in Sources */ = {isa = PBXBuildFile; fileRef = 26A3C63E27A310030029020F /* TextViewEditableViewController.swift */; };
		26A3C64F27A310030029020F /* TextViewDataDetectorsViewController.swift in Sources */ = {isa = PBXBuildFile; fileRef = 26A3C64027A310030029020F /* TextViewDataDetectorsViewController.swift */; };
		26A3C65027A310030029020F /* TextViewDataDetectors.storyboard in Resources */ = {isa = PBXBuildFile; fileRef = 26A3C64127A310030029020F /* TextViewDataDetectors.storyboard */; };
		26A3C65127A310030029020F /* TextViewNonEditable.storyboard in Resources */ = {isa = PBXBuildFile; fileRef = 26A3C64327A310030029020F /* TextViewNonEditable.storyboard */; };
		26A3C65227A310030029020F /* TextViewNonEditableViewController.swift in Sources */ = {isa = PBXBuildFile; fileRef = 26A3C64427A310030029020F /* TextViewNonEditableViewController.swift */; };
		26A3C65427A310030029020F /* TextViewMenuItem.swift in Sources */ = {isa = PBXBuildFile; fileRef = 26A3C64827A310030029020F /* TextViewMenuItem.swift */; };
		26A3C65527A310030029020F /* TextViewMenu.storyboard in Resources */ = {isa = PBXBuildFile; fileRef = 26A3C64927A310030029020F /* TextViewMenu.storyboard */; };
		26A3C65627A310030029020F /* TextViewMenuViewController.swift in Sources */ = {isa = PBXBuildFile; fileRef = 26A3C64A27A310030029020F /* TextViewMenuViewController.swift */; };
		26A3C65927A31B900029020F /* BaseViewController.swift in Sources */ = {isa = PBXBuildFile; fileRef = 26A3C65827A31B900029020F /* BaseViewController.swift */; };
		26D631FA279C08230029AE96 /* ButtonImagePlacementViewController.swift in Sources */ = {isa = PBXBuildFile; fileRef = 26D631F8279C08230029AE96 /* ButtonImagePlacementViewController.swift */; };
		26D631FB279C08230029AE96 /* ButtonImagePlacement.storyboard in Resources */ = {isa = PBXBuildFile; fileRef = 26D631F9279C08230029AE96 /* ButtonImagePlacement.storyboard */; };
		26D63200279C12AC0029AE96 /* ButtonMenuViewController.swift in Sources */ = {isa = PBXBuildFile; fileRef = 26D631FD279C12AC0029AE96 /* ButtonMenuViewController.swift */; };
		26D63201279C12AC0029AE96 /* ButtonMenu.storyboard in Resources */ = {isa = PBXBuildFile; fileRef = 26D631FE279C12AC0029AE96 /* ButtonMenu.storyboard */; };
		26D63202279C12AC0029AE96 /* ButtonMenuItem.swift in Sources */ = {isa = PBXBuildFile; fileRef = 26D631FF279C12AC0029AE96 /* ButtonMenuItem.swift */; };
		26D63223279C7E170029AE96 /* TextFieldMenuViewController.swift in Sources */ = {isa = PBXBuildFile; fileRef = 26D6320D279C7E170029AE96 /* TextFieldMenuViewController.swift */; };
		26D63224279C7E170029AE96 /* TextFieldMenu.storyboard in Resources */ = {isa = PBXBuildFile; fileRef = 26D6320E279C7E170029AE96 /* TextFieldMenu.storyboard */; };
		26D63225279C7E170029AE96 /* TextFieldMenuItem.swift in Sources */ = {isa = PBXBuildFile; fileRef = 26D6320F279C7E170029AE96 /* TextFieldMenuItem.swift */; };
		26D63226279C7E170029AE96 /* TextFieldReturnKeyTypeViewController.swift in Sources */ = {isa = PBXBuildFile; fileRef = 26D63212279C7E170029AE96 /* TextFieldReturnKeyTypeViewController.swift */; };
		26D63227279C7E170029AE96 /* TextFieldReturnKeyType.storyboard in Resources */ = {isa = PBXBuildFile; fileRef = 26D63213279C7E170029AE96 /* TextFieldReturnKeyType.storyboard */; };
		26D63228279C7E170029AE96 /* TextFieldTraitsViewController.swift in Sources */ = {isa = PBXBuildFile; fileRef = 26D63215279C7E170029AE96 /* TextFieldTraitsViewController.swift */; };
		26D63229279C7E170029AE96 /* TextFieldTraits.storyboard in Resources */ = {isa = PBXBuildFile; fileRef = 26D63216279C7E170029AE96 /* TextFieldTraits.storyboard */; };
		26D6322A279C7E170029AE96 /* TextFieldBorderStyleViewController.swift in Sources */ = {isa = PBXBuildFile; fileRef = 26D63218279C7E170029AE96 /* TextFieldBorderStyleViewController.swift */; };
		26D6322B279C7E170029AE96 /* TextFieldBorderStyle.storyboard in Resources */ = {isa = PBXBuildFile; fileRef = 26D63219279C7E170029AE96 /* TextFieldBorderStyle.storyboard */; };
		26D6322C279C7E170029AE96 /* TextFieldClearButton.storyboard in Resources */ = {isa = PBXBuildFile; fileRef = 26D6321B279C7E170029AE96 /* TextFieldClearButton.storyboard */; };
		26D6322D279C7E170029AE96 /* TextFieldClearButtonViewController.swift in Sources */ = {isa = PBXBuildFile; fileRef = 26D6321C279C7E170029AE96 /* TextFieldClearButtonViewController.swift */; };
		26D6322E279C7E170029AE96 /* TextFieldDisabled.storyboard in Resources */ = {isa = PBXBuildFile; fileRef = 26D6321E279C7E170029AE96 /* TextFieldDisabled.storyboard */; };
		26D6322F279C7E170029AE96 /* TextFieldDisabledViewController.swift in Sources */ = {isa = PBXBuildFile; fileRef = 26D6321F279C7E170029AE96 /* TextFieldDisabledViewController.swift */; };
		26D63230279C7E170029AE96 /* TextFieldKeyboardTypeViewController.swift in Sources */ = {isa = PBXBuildFile; fileRef = 26D63221279C7E170029AE96 /* TextFieldKeyboardTypeViewController.swift */; };
		26D63231279C7E170029AE96 /* TextFieldKeyboardType.storyboard in Resources */ = {isa = PBXBuildFile; fileRef = 26D63222279C7E170029AE96 /* TextFieldKeyboardType.storyboard */; };
		26D63235279C81130029AE96 /* TextFieldOtherViewController.swift in Sources */ = {isa = PBXBuildFile; fileRef = 26D63233279C81130029AE96 /* TextFieldOtherViewController.swift */; };
		26D63236279C81130029AE96 /* TextFieldOther.storyboard in Resources */ = {isa = PBXBuildFile; fileRef = 26D63234279C81130029AE96 /* TextFieldOther.storyboard */; };
		26D816BF27A45759005F8135 /* TableView.storyboard in Resources */ = {isa = PBXBuildFile; fileRef = 26D816BE27A45759005F8135 /* TableView.storyboard */; };
		26D816C127A4576A005F8135 /* TableViewMenuViewController.swift in Sources */ = {isa = PBXBuildFile; fileRef = 26D816C027A4576A005F8135 /* TableViewMenuViewController.swift */; };
		26D816C327A45772005F8135 /* TableViewMenuItem.swift in Sources */ = {isa = PBXBuildFile; fileRef = 26D816C227A45772005F8135 /* TableViewMenuItem.swift */; };
		26D816EF27A459E5005F8135 /* TableViewSelectionSingleViewController.swift in Sources */ = {isa = PBXBuildFile; fileRef = 26D816C927A459E5005F8135 /* TableViewSelectionSingleViewController.swift */; };
		26D816F027A459E5005F8135 /* TableViewSelectionWithDeselectViewController.swift in Sources */ = {isa = PBXBuildFile; fileRef = 26D816CA27A459E5005F8135 /* TableViewSelectionWithDeselectViewController.swift */; };
		26D816F127A459E5005F8135 /* TableViewSelectionMultipleViewController.swift in Sources */ = {isa = PBXBuildFile; fileRef = 26D816CB27A459E5005F8135 /* TableViewSelectionMultipleViewController.swift */; };
		26D816F227A459E5005F8135 /* TableViewSelectionMenuViewController.swift in Sources */ = {isa = PBXBuildFile; fileRef = 26D816CD27A459E5005F8135 /* TableViewSelectionMenuViewController.swift */; };
		26D816F327A459E5005F8135 /* TableViewSelectionMenuItem.swift in Sources */ = {isa = PBXBuildFile; fileRef = 26D816CE27A459E5005F8135 /* TableViewSelectionMenuItem.swift */; };
		26D816F427A459E5005F8135 /* TableViewSeparatorStyleEtchedViewController.swift in Sources */ = {isa = PBXBuildFile; fileRef = 26D816D127A459E5005F8135 /* TableViewSeparatorStyleEtchedViewController.swift */; };
		26D816F527A459E5005F8135 /* TableViewSeparatorStyleNoneViewController.swift in Sources */ = {isa = PBXBuildFile; fileRef = 26D816D227A459E5005F8135 /* TableViewSeparatorStyleNoneViewController.swift */; };
		26D816F627A459E5005F8135 /* TableViewSeparatorStyleLineViewController.swift in Sources */ = {isa = PBXBuildFile; fileRef = 26D816D327A459E5005F8135 /* TableViewSeparatorStyleLineViewController.swift */; };
		26D816F727A459E5005F8135 /* TableViewSeparatorStyleMenuItem.swift in Sources */ = {isa = PBXBuildFile; fileRef = 26D816D527A459E5005F8135 /* TableViewSeparatorStyleMenuItem.swift */; };
		26D816F827A459E5005F8135 /* TableViewSeparatorStyleMenuViewController.swift in Sources */ = {isa = PBXBuildFile; fileRef = 26D816D627A459E5005F8135 /* TableViewSeparatorStyleMenuViewController.swift */; };
		26D816F927A459E5005F8135 /* CellSeparatorInsetsViewController.swift in Sources */ = {isa = PBXBuildFile; fileRef = 26D816D827A459E5005F8135 /* CellSeparatorInsetsViewController.swift */; };
		26D816FC27A459E5005F8135 /* TableViewStyleInsetGroupedViewController.swift in Sources */ = {isa = PBXBuildFile; fileRef = 26D816DE27A459E5005F8135 /* TableViewStyleInsetGroupedViewController.swift */; };
		26D816FD27A459E5005F8135 /* TableViewStyleGroupedViewController.swift in Sources */ = {isa = PBXBuildFile; fileRef = 26D816DF27A459E5005F8135 /* TableViewStyleGroupedViewController.swift */; };
		26D816FE27A459E5005F8135 /* TableViewStylePlainViewController.swift in Sources */ = {isa = PBXBuildFile; fileRef = 26D816E027A459E5005F8135 /* TableViewStylePlainViewController.swift */; };
		26D816FF27A459E5005F8135 /* TableViewStyleMenuItem.swift in Sources */ = {isa = PBXBuildFile; fileRef = 26D816E227A459E5005F8135 /* TableViewStyleMenuItem.swift */; };
		26D8170027A459E5005F8135 /* TableViewStyleMenuViewController.swift in Sources */ = {isa = PBXBuildFile; fileRef = 26D816E327A459E5005F8135 /* TableViewStyleMenuViewController.swift */; };
		26D8170227A459E5005F8135 /* CellAccessoryTypeViewController.swift in Sources */ = {isa = PBXBuildFile; fileRef = 26D816E727A459E5005F8135 /* CellAccessoryTypeViewController.swift */; };
		26D8170427A459E5005F8135 /* CellSelectionStyleViewController.swift in Sources */ = {isa = PBXBuildFile; fileRef = 26D816EB27A459E5005F8135 /* CellSelectionStyleViewController.swift */; };
		26F3843427A84B1C005E2588 /* SimpleTableViewController.swift in Sources */ = {isa = PBXBuildFile; fileRef = 26F3843327A84B1C005E2588 /* SimpleTableViewController.swift */; };
		26F3843627A84D94005E2588 /* SimpleTableViewCell.xib in Resources */ = {isa = PBXBuildFile; fileRef = 26F3843527A84D94005E2588 /* SimpleTableViewCell.xib */; };
		26F3843827A85C0B005E2588 /* CellStyleSection.swift in Sources */ = {isa = PBXBuildFile; fileRef = 26F3843727A85C0B005E2588 /* CellStyleSection.swift */; };
		26F3843A27A85C1F005E2588 /* CellSelectionStyleItem.swift in Sources */ = {isa = PBXBuildFile; fileRef = 26F3843927A85C1F005E2588 /* CellSelectionStyleItem.swift */; };
		26F3843C27A87979005E2588 /* CellAccessoryTypeItem.swift in Sources */ = {isa = PBXBuildFile; fileRef = 26F3843B27A87979005E2588 /* CellAccessoryTypeItem.swift */; };
		26F3843E27A87C99005E2588 /* CellSeparatorInsetsItem.swift in Sources */ = {isa = PBXBuildFile; fileRef = 26F3843D27A87C99005E2588 /* CellSeparatorInsetsItem.swift */; };
		8050A3D0275A329D00CE2BD4 /* AppDelegate.swift in Sources */ = {isa = PBXBuildFile; fileRef = 8050A3CF275A329D00CE2BD4 /* AppDelegate.swift */; };
		8050A3D2275A329D00CE2BD4 /* SceneDelegate.swift in Sources */ = {isa = PBXBuildFile; fileRef = 8050A3D1275A329D00CE2BD4 /* SceneDelegate.swift */; };
		8050A3D9275A329E00CE2BD4 /* Assets.xcassets in Resources */ = {isa = PBXBuildFile; fileRef = 8050A3D8275A329E00CE2BD4 /* Assets.xcassets */; };
		8050A3DC275A329E00CE2BD4 /* LaunchScreen.storyboard in Resources */ = {isa = PBXBuildFile; fileRef = 8050A3DA275A329E00CE2BD4 /* LaunchScreen.storyboard */; };
		8050A3E9275A385C00CE2BD4 /* MainMenuViewController.swift in Sources */ = {isa = PBXBuildFile; fileRef = 8050A3E8275A385C00CE2BD4 /* MainMenuViewController.swift */; };
		8050A3EB275A386500CE2BD4 /* MainMenu.storyboard in Resources */ = {isa = PBXBuildFile; fileRef = 8050A3EA275A386500CE2BD4 /* MainMenu.storyboard */; };
		8050A3FA275A5A0100CE2BD4 /* UIViewControllerExtensions.swift in Sources */ = {isa = PBXBuildFile; fileRef = 8050A3F9275A5A0100CE2BD4 /* UIViewControllerExtensions.swift */; };
		8050A3FC275A5AFB00CE2BD4 /* MainMenuItem.swift in Sources */ = {isa = PBXBuildFile; fileRef = 8050A3FB275A5AFB00CE2BD4 /* MainMenuItem.swift */; };
		807FE354275E02D700E60A6D /* MenuViewController.swift in Sources */ = {isa = PBXBuildFile; fileRef = 807FE353275E02D700E60A6D /* MenuViewController.swift */; };
		807FE356275E062100E60A6D /* MenuItemProtocol.swift in Sources */ = {isa = PBXBuildFile; fileRef = 807FE355275E062100E60A6D /* MenuItemProtocol.swift */; };
		807FE358275E06B500E60A6D /* MenuCell.xib in Resources */ = {isa = PBXBuildFile; fileRef = 807FE357275E06B500E60A6D /* MenuCell.xib */; };
		807FE35C275E0AA100E60A6D /* ScrollViewMenuViewController.swift in Sources */ = {isa = PBXBuildFile; fileRef = 807FE35B275E0AA100E60A6D /* ScrollViewMenuViewController.swift */; };
		807FE35E275E0AA900E60A6D /* ScrollViewMenu.storyboard in Resources */ = {isa = PBXBuildFile; fileRef = 807FE35D275E0AA900E60A6D /* ScrollViewMenu.storyboard */; };
		807FE360275E0ADF00E60A6D /* ScrollViewMenuItem.swift in Sources */ = {isa = PBXBuildFile; fileRef = 807FE35F275E0ADF00E60A6D /* ScrollViewMenuItem.swift */; };
		807FE363275E0B7500E60A6D /* ScrollViewVerticalViewController.swift in Sources */ = {isa = PBXBuildFile; fileRef = 807FE362275E0B7500E60A6D /* ScrollViewVerticalViewController.swift */; };
		807FE365275E0B8800E60A6D /* ScrollViewVertical.storyboard in Resources */ = {isa = PBXBuildFile; fileRef = 807FE364275E0B8800E60A6D /* ScrollViewVertical.storyboard */; };
		807FE372275E1D1D00E60A6D /* ScrollViewTwoDirections.storyboard in Resources */ = {isa = PBXBuildFile; fileRef = 807FE367275E1D1D00E60A6D /* ScrollViewTwoDirections.storyboard */; };
		807FE373275E1D1D00E60A6D /* ScrollViewTwoDirectionsViewController.swift in Sources */ = {isa = PBXBuildFile; fileRef = 807FE368275E1D1D00E60A6D /* ScrollViewTwoDirectionsViewController.swift */; };
		807FE374275E1D1D00E60A6D /* ScrollViewWithNoContentLayoutGuides.storyboard in Resources */ = {isa = PBXBuildFile; fileRef = 807FE36A275E1D1D00E60A6D /* ScrollViewWithNoContentLayoutGuides.storyboard */; };
		807FE375275E1D1D00E60A6D /* ScrollViewWithNoContentLayoutGuidesViewController.swift in Sources */ = {isa = PBXBuildFile; fileRef = 807FE36B275E1D1D00E60A6D /* ScrollViewWithNoContentLayoutGuidesViewController.swift */; };
		807FE376275E1D1D00E60A6D /* ScrollViewHorizontalViewController.swift in Sources */ = {isa = PBXBuildFile; fileRef = 807FE36D275E1D1D00E60A6D /* ScrollViewHorizontalViewController.swift */; };
		807FE377275E1D1D00E60A6D /* ScrollViewHorizontal.storyboard in Resources */ = {isa = PBXBuildFile; fileRef = 807FE36E275E1D1D00E60A6D /* ScrollViewHorizontal.storyboard */; };
		807FE378275E1D1D00E60A6D /* ScrollViewWithKeyboard.storyboard in Resources */ = {isa = PBXBuildFile; fileRef = 807FE370275E1D1D00E60A6D /* ScrollViewWithKeyboard.storyboard */; };
		807FE379275E1D1D00E60A6D /* ScrollViewWithKeyboardViewController.swift in Sources */ = {isa = PBXBuildFile; fileRef = 807FE371275E1D1D00E60A6D /* ScrollViewWithKeyboardViewController.swift */; };
/* End PBXBuildFile section */

/* Begin PBXFileReference section */
		261F780327AB9D1E00B12235 /* CellStyleMenuViewController.swift */ = {isa = PBXFileReference; fileEncoding = 4; lastKnownFileType = sourcecode.swift; path = CellStyleMenuViewController.swift; sourceTree = "<group>"; };
		261F780427AB9D1E00B12235 /* CellStyleMenuItem.swift */ = {isa = PBXFileReference; fileEncoding = 4; lastKnownFileType = sourcecode.swift; path = CellStyleMenuItem.swift; sourceTree = "<group>"; };
		261F780627AB9D1E00B12235 /* CellStyleBodyViewController.swift */ = {isa = PBXFileReference; fileEncoding = 4; lastKnownFileType = sourcecode.swift; path = CellStyleBodyViewController.swift; sourceTree = "<group>"; };
		261F780727AB9D1E00B12235 /* CellStyleLongTextViewController.swift */ = {isa = PBXFileReference; fileEncoding = 4; lastKnownFileType = sourcecode.swift; path = CellStyleLongTextViewController.swift; sourceTree = "<group>"; };
		261F780827AB9D1E00B12235 /* CellStyleDefaultFontViewController.swift */ = {isa = PBXFileReference; fileEncoding = 4; lastKnownFileType = sourcecode.swift; path = CellStyleDefaultFontViewController.swift; sourceTree = "<group>"; };
		261F780927AB9D1E00B12235 /* CellStyleTitle3ViewController.swift */ = {isa = PBXFileReference; fileEncoding = 4; lastKnownFileType = sourcecode.swift; path = CellStyleTitle3ViewController.swift; sourceTree = "<group>"; };
		261F781027AB9EB900B12235 /* CellStyleBaseViewController.swift */ = {isa = PBXFileReference; lastKnownFileType = sourcecode.swift; path = CellStyleBaseViewController.swift; sourceTree = "<group>"; };
		261F781427ABA3BB00B12235 /* TableViewHeadersAndFoottersViewController.swift */ = {isa = PBXFileReference; lastKnownFileType = sourcecode.swift; path = TableViewHeadersAndFoottersViewController.swift; sourceTree = "<group>"; };
		261F781727ABA44900B12235 /* TableViewHeaderFooterView.xib */ = {isa = PBXFileReference; lastKnownFileType = file.xib; path = TableViewHeaderFooterView.xib; sourceTree = "<group>"; };
		261F781927ABA49700B12235 /* TableViewHeaderFooterView.swift */ = {isa = PBXFileReference; lastKnownFileType = sourcecode.swift; path = TableViewHeaderFooterView.swift; sourceTree = "<group>"; };
		261F781B27AC4EC800B12235 /* TableViewSectionHeaderView.xib */ = {isa = PBXFileReference; lastKnownFileType = file.xib; path = TableViewSectionHeaderView.xib; sourceTree = "<group>"; };
		261F781D27AC4EDD00B12235 /* TableViewSectionHeaderView.swift */ = {isa = PBXFileReference; lastKnownFileType = sourcecode.swift; path = TableViewSectionHeaderView.swift; sourceTree = "<group>"; };
		261F782027AC700000B12235 /* TableViewSectionIndexViewController.swift */ = {isa = PBXFileReference; lastKnownFileType = sourcecode.swift; path = TableViewSectionIndexViewController.swift; sourceTree = "<group>"; };
		261F782327AC72B500B12235 /* personData.json */ = {isa = PBXFileReference; fileEncoding = 4; lastKnownFileType = text.json; path = personData.json; sourceTree = "<group>"; };
		261F782827AC731D00B12235 /* Person.swift */ = {isa = PBXFileReference; lastKnownFileType = sourcecode.swift; path = Person.swift; sourceTree = "<group>"; };
		261F782B27AC73AE00B12235 /* TableViewSectionIndexViewModel.swift */ = {isa = PBXFileReference; lastKnownFileType = sourcecode.swift; path = TableViewSectionIndexViewModel.swift; sourceTree = "<group>"; };
		2658055027AEE408002255F7 /* ButtonClicksCounter.swift */ = {isa = PBXFileReference; lastKnownFileType = sourcecode.swift; path = ButtonClicksCounter.swift; sourceTree = "<group>"; };
		2658055327AFB705002255F7 /* BaseTextFieldViewController.swift */ = {isa = PBXFileReference; lastKnownFileType = sourcecode.swift; path = BaseTextFieldViewController.swift; sourceTree = "<group>"; };
		267400B627836A5C00BCA6D3 /* AllElements.storyboard */ = {isa = PBXFileReference; lastKnownFileType = file.storyboard; path = AllElements.storyboard; sourceTree = "<group>"; };
		267400B827836A7200BCA6D3 /* AllElementsViewController.swift */ = {isa = PBXFileReference; lastKnownFileType = sourcecode.swift; path = AllElementsViewController.swift; sourceTree = "<group>"; };
		2696CFEC279B0183004521F0 /* TextStyles.storyboard */ = {isa = PBXFileReference; lastKnownFileType = file.storyboard; path = TextStyles.storyboard; sourceTree = "<group>"; };
		2696CFEF279B030F004521F0 /* LabelMenuViewController.swift */ = {isa = PBXFileReference; lastKnownFileType = sourcecode.swift; path = LabelMenuViewController.swift; sourceTree = "<group>"; };
		2696CFF1279B0316004521F0 /* LabelMenuItem.swift */ = {isa = PBXFileReference; lastKnownFileType = sourcecode.swift; path = LabelMenuItem.swift; sourceTree = "<group>"; };
		2696CFF3279B0324004521F0 /* LabelMenu.storyboard */ = {isa = PBXFileReference; lastKnownFileType = file.storyboard; path = LabelMenu.storyboard; sourceTree = "<group>"; };
		2696CFF8279B0598004521F0 /* FontSizes.storyboard */ = {isa = PBXFileReference; lastKnownFileType = file.storyboard; path = FontSizes.storyboard; sourceTree = "<group>"; };
		2696CFFA279B05A1004521F0 /* FontWeights.storyboard */ = {isa = PBXFileReference; lastKnownFileType = file.storyboard; path = FontWeights.storyboard; sourceTree = "<group>"; };
		2696CFFC279B0D02004521F0 /* FontWeightsViewController.swift */ = {isa = PBXFileReference; lastKnownFileType = sourcecode.swift; path = FontWeightsViewController.swift; sourceTree = "<group>"; };
		2696CFFE279B0D0D004521F0 /* FontSizesViewController.swift */ = {isa = PBXFileReference; lastKnownFileType = sourcecode.swift; path = FontSizesViewController.swift; sourceTree = "<group>"; };
		2696D000279B0D15004521F0 /* TextStylesViewController.swift */ = {isa = PBXFileReference; lastKnownFileType = sourcecode.swift; path = TextStylesViewController.swift; sourceTree = "<group>"; };
		2696D009279B2D2A004521F0 /* ButtonStyles.storyboard */ = {isa = PBXFileReference; lastKnownFileType = file.storyboard; path = ButtonStyles.storyboard; sourceTree = "<group>"; };
		2696D00B279B2D33004521F0 /* ButtonStylesViewController.swift */ = {isa = PBXFileReference; lastKnownFileType = sourcecode.swift; path = ButtonStylesViewController.swift; sourceTree = "<group>"; };
		2696D00D279B2D43004521F0 /* ButtonSystemSizesViewController.swift */ = {isa = PBXFileReference; lastKnownFileType = sourcecode.swift; path = ButtonSystemSizesViewController.swift; sourceTree = "<group>"; };
		2696D00F279B2D5E004521F0 /* ButtonSystemSizes.storyboard */ = {isa = PBXFileReference; lastKnownFileType = file.storyboard; path = ButtonSystemSizes.storyboard; sourceTree = "<group>"; };
		2696D012279B2D8A004521F0 /* ButtonToggle.storyboard */ = {isa = PBXFileReference; lastKnownFileType = file.storyboard; path = ButtonToggle.storyboard; sourceTree = "<group>"; };
		2696D014279B2D94004521F0 /* ButtonToggleViewController.swift */ = {isa = PBXFileReference; lastKnownFileType = sourcecode.swift; path = ButtonToggleViewController.swift; sourceTree = "<group>"; };
		2696D017279B2F0B004521F0 /* ButtonCornerStyleViewController.swift */ = {isa = PBXFileReference; lastKnownFileType = sourcecode.swift; path = ButtonCornerStyleViewController.swift; sourceTree = "<group>"; };
		2696D019279B2F10004521F0 /* ButtonCornerStyle.storyboard */ = {isa = PBXFileReference; lastKnownFileType = file.storyboard; path = ButtonCornerStyle.storyboard; sourceTree = "<group>"; };
		2696D021279B3031004521F0 /* OtherButtonsViewController.swift */ = {isa = PBXFileReference; lastKnownFileType = sourcecode.swift; path = OtherButtonsViewController.swift; sourceTree = "<group>"; };
		2696D023279B3037004521F0 /* OtherButtons.storyboard */ = {isa = PBXFileReference; lastKnownFileType = file.storyboard; path = OtherButtons.storyboard; sourceTree = "<group>"; };
		26A3C63A27A310030029020F /* TextViewNonEditableNonSelectable.storyboard */ = {isa = PBXFileReference; fileEncoding = 4; lastKnownFileType = file.storyboard; path = TextViewNonEditableNonSelectable.storyboard; sourceTree = "<group>"; };
		26A3C63B27A310030029020F /* TextViewNonEditableNonSelectableViewController.swift */ = {isa = PBXFileReference; fileEncoding = 4; lastKnownFileType = sourcecode.swift; path = TextViewNonEditableNonSelectableViewController.swift; sourceTree = "<group>"; };
		26A3C63D27A310030029020F /* TextViewEditable.storyboard */ = {isa = PBXFileReference; fileEncoding = 4; lastKnownFileType = file.storyboard; path = TextViewEditable.storyboard; sourceTree = "<group>"; };
		26A3C63E27A310030029020F /* TextViewEditableViewController.swift */ = {isa = PBXFileReference; fileEncoding = 4; lastKnownFileType = sourcecode.swift; path = TextViewEditableViewController.swift; sourceTree = "<group>"; };
		26A3C64027A310030029020F /* TextViewDataDetectorsViewController.swift */ = {isa = PBXFileReference; fileEncoding = 4; lastKnownFileType = sourcecode.swift; path = TextViewDataDetectorsViewController.swift; sourceTree = "<group>"; };
		26A3C64127A310030029020F /* TextViewDataDetectors.storyboard */ = {isa = PBXFileReference; fileEncoding = 4; lastKnownFileType = file.storyboard; path = TextViewDataDetectors.storyboard; sourceTree = "<group>"; };
		26A3C64327A310030029020F /* TextViewNonEditable.storyboard */ = {isa = PBXFileReference; fileEncoding = 4; lastKnownFileType = file.storyboard; path = TextViewNonEditable.storyboard; sourceTree = "<group>"; };
		26A3C64427A310030029020F /* TextViewNonEditableViewController.swift */ = {isa = PBXFileReference; fileEncoding = 4; lastKnownFileType = sourcecode.swift; path = TextViewNonEditableViewController.swift; sourceTree = "<group>"; };
		26A3C64827A310030029020F /* TextViewMenuItem.swift */ = {isa = PBXFileReference; fileEncoding = 4; lastKnownFileType = sourcecode.swift; path = TextViewMenuItem.swift; sourceTree = "<group>"; };
		26A3C64927A310030029020F /* TextViewMenu.storyboard */ = {isa = PBXFileReference; fileEncoding = 4; lastKnownFileType = file.storyboard; path = TextViewMenu.storyboard; sourceTree = "<group>"; };
		26A3C64A27A310030029020F /* TextViewMenuViewController.swift */ = {isa = PBXFileReference; fileEncoding = 4; lastKnownFileType = sourcecode.swift; path = TextViewMenuViewController.swift; sourceTree = "<group>"; };
		26A3C65827A31B900029020F /* BaseViewController.swift */ = {isa = PBXFileReference; lastKnownFileType = sourcecode.swift; path = BaseViewController.swift; sourceTree = "<group>"; };
		26D631F8279C08230029AE96 /* ButtonImagePlacementViewController.swift */ = {isa = PBXFileReference; fileEncoding = 4; lastKnownFileType = sourcecode.swift; path = ButtonImagePlacementViewController.swift; sourceTree = "<group>"; };
		26D631F9279C08230029AE96 /* ButtonImagePlacement.storyboard */ = {isa = PBXFileReference; fileEncoding = 4; lastKnownFileType = file.storyboard; path = ButtonImagePlacement.storyboard; sourceTree = "<group>"; };
		26D631FD279C12AC0029AE96 /* ButtonMenuViewController.swift */ = {isa = PBXFileReference; fileEncoding = 4; lastKnownFileType = sourcecode.swift; path = ButtonMenuViewController.swift; sourceTree = "<group>"; };
		26D631FE279C12AC0029AE96 /* ButtonMenu.storyboard */ = {isa = PBXFileReference; fileEncoding = 4; lastKnownFileType = file.storyboard; path = ButtonMenu.storyboard; sourceTree = "<group>"; };
		26D631FF279C12AC0029AE96 /* ButtonMenuItem.swift */ = {isa = PBXFileReference; fileEncoding = 4; lastKnownFileType = sourcecode.swift; path = ButtonMenuItem.swift; sourceTree = "<group>"; };
		26D6320D279C7E170029AE96 /* TextFieldMenuViewController.swift */ = {isa = PBXFileReference; fileEncoding = 4; lastKnownFileType = sourcecode.swift; path = TextFieldMenuViewController.swift; sourceTree = "<group>"; };
		26D6320E279C7E170029AE96 /* TextFieldMenu.storyboard */ = {isa = PBXFileReference; fileEncoding = 4; lastKnownFileType = file.storyboard; path = TextFieldMenu.storyboard; sourceTree = "<group>"; };
		26D6320F279C7E170029AE96 /* TextFieldMenuItem.swift */ = {isa = PBXFileReference; fileEncoding = 4; lastKnownFileType = sourcecode.swift; path = TextFieldMenuItem.swift; sourceTree = "<group>"; };
		26D63212279C7E170029AE96 /* TextFieldReturnKeyTypeViewController.swift */ = {isa = PBXFileReference; fileEncoding = 4; lastKnownFileType = sourcecode.swift; path = TextFieldReturnKeyTypeViewController.swift; sourceTree = "<group>"; };
		26D63213279C7E170029AE96 /* TextFieldReturnKeyType.storyboard */ = {isa = PBXFileReference; fileEncoding = 4; lastKnownFileType = file.storyboard; path = TextFieldReturnKeyType.storyboard; sourceTree = "<group>"; };
		26D63215279C7E170029AE96 /* TextFieldTraitsViewController.swift */ = {isa = PBXFileReference; fileEncoding = 4; lastKnownFileType = sourcecode.swift; path = TextFieldTraitsViewController.swift; sourceTree = "<group>"; };
		26D63216279C7E170029AE96 /* TextFieldTraits.storyboard */ = {isa = PBXFileReference; fileEncoding = 4; lastKnownFileType = file.storyboard; path = TextFieldTraits.storyboard; sourceTree = "<group>"; };
		26D63218279C7E170029AE96 /* TextFieldBorderStyleViewController.swift */ = {isa = PBXFileReference; fileEncoding = 4; lastKnownFileType = sourcecode.swift; path = TextFieldBorderStyleViewController.swift; sourceTree = "<group>"; };
		26D63219279C7E170029AE96 /* TextFieldBorderStyle.storyboard */ = {isa = PBXFileReference; fileEncoding = 4; lastKnownFileType = file.storyboard; path = TextFieldBorderStyle.storyboard; sourceTree = "<group>"; };
		26D6321B279C7E170029AE96 /* TextFieldClearButton.storyboard */ = {isa = PBXFileReference; fileEncoding = 4; lastKnownFileType = file.storyboard; path = TextFieldClearButton.storyboard; sourceTree = "<group>"; };
		26D6321C279C7E170029AE96 /* TextFieldClearButtonViewController.swift */ = {isa = PBXFileReference; fileEncoding = 4; lastKnownFileType = sourcecode.swift; path = TextFieldClearButtonViewController.swift; sourceTree = "<group>"; };
		26D6321E279C7E170029AE96 /* TextFieldDisabled.storyboard */ = {isa = PBXFileReference; fileEncoding = 4; lastKnownFileType = file.storyboard; path = TextFieldDisabled.storyboard; sourceTree = "<group>"; };
		26D6321F279C7E170029AE96 /* TextFieldDisabledViewController.swift */ = {isa = PBXFileReference; fileEncoding = 4; lastKnownFileType = sourcecode.swift; path = TextFieldDisabledViewController.swift; sourceTree = "<group>"; };
		26D63221279C7E170029AE96 /* TextFieldKeyboardTypeViewController.swift */ = {isa = PBXFileReference; fileEncoding = 4; lastKnownFileType = sourcecode.swift; path = TextFieldKeyboardTypeViewController.swift; sourceTree = "<group>"; };
		26D63222279C7E170029AE96 /* TextFieldKeyboardType.storyboard */ = {isa = PBXFileReference; fileEncoding = 4; lastKnownFileType = file.storyboard; path = TextFieldKeyboardType.storyboard; sourceTree = "<group>"; };
		26D63233279C81130029AE96 /* TextFieldOtherViewController.swift */ = {isa = PBXFileReference; fileEncoding = 4; lastKnownFileType = sourcecode.swift; path = TextFieldOtherViewController.swift; sourceTree = "<group>"; };
		26D63234279C81130029AE96 /* TextFieldOther.storyboard */ = {isa = PBXFileReference; fileEncoding = 4; lastKnownFileType = file.storyboard; path = TextFieldOther.storyboard; sourceTree = "<group>"; };
		26D816BE27A45759005F8135 /* TableView.storyboard */ = {isa = PBXFileReference; lastKnownFileType = file.storyboard; path = TableView.storyboard; sourceTree = "<group>"; };
		26D816C027A4576A005F8135 /* TableViewMenuViewController.swift */ = {isa = PBXFileReference; lastKnownFileType = sourcecode.swift; path = TableViewMenuViewController.swift; sourceTree = "<group>"; };
		26D816C227A45772005F8135 /* TableViewMenuItem.swift */ = {isa = PBXFileReference; lastKnownFileType = sourcecode.swift; path = TableViewMenuItem.swift; sourceTree = "<group>"; };
		26D816C927A459E5005F8135 /* TableViewSelectionSingleViewController.swift */ = {isa = PBXFileReference; fileEncoding = 4; lastKnownFileType = sourcecode.swift; path = TableViewSelectionSingleViewController.swift; sourceTree = "<group>"; };
		26D816CA27A459E5005F8135 /* TableViewSelectionWithDeselectViewController.swift */ = {isa = PBXFileReference; fileEncoding = 4; lastKnownFileType = sourcecode.swift; path = TableViewSelectionWithDeselectViewController.swift; sourceTree = "<group>"; };
		26D816CB27A459E5005F8135 /* TableViewSelectionMultipleViewController.swift */ = {isa = PBXFileReference; fileEncoding = 4; lastKnownFileType = sourcecode.swift; path = TableViewSelectionMultipleViewController.swift; sourceTree = "<group>"; };
		26D816CD27A459E5005F8135 /* TableViewSelectionMenuViewController.swift */ = {isa = PBXFileReference; fileEncoding = 4; lastKnownFileType = sourcecode.swift; path = TableViewSelectionMenuViewController.swift; sourceTree = "<group>"; };
		26D816CE27A459E5005F8135 /* TableViewSelectionMenuItem.swift */ = {isa = PBXFileReference; fileEncoding = 4; lastKnownFileType = sourcecode.swift; path = TableViewSelectionMenuItem.swift; sourceTree = "<group>"; };
		26D816D127A459E5005F8135 /* TableViewSeparatorStyleEtchedViewController.swift */ = {isa = PBXFileReference; fileEncoding = 4; lastKnownFileType = sourcecode.swift; path = TableViewSeparatorStyleEtchedViewController.swift; sourceTree = "<group>"; };
		26D816D227A459E5005F8135 /* TableViewSeparatorStyleNoneViewController.swift */ = {isa = PBXFileReference; fileEncoding = 4; lastKnownFileType = sourcecode.swift; path = TableViewSeparatorStyleNoneViewController.swift; sourceTree = "<group>"; };
		26D816D327A459E5005F8135 /* TableViewSeparatorStyleLineViewController.swift */ = {isa = PBXFileReference; fileEncoding = 4; lastKnownFileType = sourcecode.swift; path = TableViewSeparatorStyleLineViewController.swift; sourceTree = "<group>"; };
		26D816D527A459E5005F8135 /* TableViewSeparatorStyleMenuItem.swift */ = {isa = PBXFileReference; fileEncoding = 4; lastKnownFileType = sourcecode.swift; path = TableViewSeparatorStyleMenuItem.swift; sourceTree = "<group>"; };
		26D816D627A459E5005F8135 /* TableViewSeparatorStyleMenuViewController.swift */ = {isa = PBXFileReference; fileEncoding = 4; lastKnownFileType = sourcecode.swift; path = TableViewSeparatorStyleMenuViewController.swift; sourceTree = "<group>"; };
		26D816D827A459E5005F8135 /* CellSeparatorInsetsViewController.swift */ = {isa = PBXFileReference; fileEncoding = 4; lastKnownFileType = sourcecode.swift; path = CellSeparatorInsetsViewController.swift; sourceTree = "<group>"; };
		26D816DE27A459E5005F8135 /* TableViewStyleInsetGroupedViewController.swift */ = {isa = PBXFileReference; fileEncoding = 4; lastKnownFileType = sourcecode.swift; path = TableViewStyleInsetGroupedViewController.swift; sourceTree = "<group>"; };
		26D816DF27A459E5005F8135 /* TableViewStyleGroupedViewController.swift */ = {isa = PBXFileReference; fileEncoding = 4; lastKnownFileType = sourcecode.swift; path = TableViewStyleGroupedViewController.swift; sourceTree = "<group>"; };
		26D816E027A459E5005F8135 /* TableViewStylePlainViewController.swift */ = {isa = PBXFileReference; fileEncoding = 4; lastKnownFileType = sourcecode.swift; path = TableViewStylePlainViewController.swift; sourceTree = "<group>"; };
		26D816E227A459E5005F8135 /* TableViewStyleMenuItem.swift */ = {isa = PBXFileReference; fileEncoding = 4; lastKnownFileType = sourcecode.swift; path = TableViewStyleMenuItem.swift; sourceTree = "<group>"; };
		26D816E327A459E5005F8135 /* TableViewStyleMenuViewController.swift */ = {isa = PBXFileReference; fileEncoding = 4; lastKnownFileType = sourcecode.swift; path = TableViewStyleMenuViewController.swift; sourceTree = "<group>"; };
		26D816E727A459E5005F8135 /* CellAccessoryTypeViewController.swift */ = {isa = PBXFileReference; fileEncoding = 4; lastKnownFileType = sourcecode.swift; path = CellAccessoryTypeViewController.swift; sourceTree = "<group>"; };
		26D816EB27A459E5005F8135 /* CellSelectionStyleViewController.swift */ = {isa = PBXFileReference; fileEncoding = 4; lastKnownFileType = sourcecode.swift; path = CellSelectionStyleViewController.swift; sourceTree = "<group>"; };
		26F3843327A84B1C005E2588 /* SimpleTableViewController.swift */ = {isa = PBXFileReference; lastKnownFileType = sourcecode.swift; path = SimpleTableViewController.swift; sourceTree = "<group>"; };
		26F3843527A84D94005E2588 /* SimpleTableViewCell.xib */ = {isa = PBXFileReference; lastKnownFileType = file.xib; path = SimpleTableViewCell.xib; sourceTree = "<group>"; };
		26F3843727A85C0B005E2588 /* CellStyleSection.swift */ = {isa = PBXFileReference; lastKnownFileType = sourcecode.swift; path = CellStyleSection.swift; sourceTree = "<group>"; };
		26F3843927A85C1F005E2588 /* CellSelectionStyleItem.swift */ = {isa = PBXFileReference; lastKnownFileType = sourcecode.swift; path = CellSelectionStyleItem.swift; sourceTree = "<group>"; };
		26F3843B27A87979005E2588 /* CellAccessoryTypeItem.swift */ = {isa = PBXFileReference; lastKnownFileType = sourcecode.swift; path = CellAccessoryTypeItem.swift; sourceTree = "<group>"; };
		26F3843D27A87C99005E2588 /* CellSeparatorInsetsItem.swift */ = {isa = PBXFileReference; lastKnownFileType = sourcecode.swift; path = CellSeparatorInsetsItem.swift; sourceTree = "<group>"; };
		8050A3CC275A329D00CE2BD4 /* UIKit-Storyboard.app */ = {isa = PBXFileReference; explicitFileType = wrapper.application; includeInIndex = 0; path = "UIKit-Storyboard.app"; sourceTree = BUILT_PRODUCTS_DIR; };
		8050A3CF275A329D00CE2BD4 /* AppDelegate.swift */ = {isa = PBXFileReference; lastKnownFileType = sourcecode.swift; path = AppDelegate.swift; sourceTree = "<group>"; };
		8050A3D1275A329D00CE2BD4 /* SceneDelegate.swift */ = {isa = PBXFileReference; lastKnownFileType = sourcecode.swift; path = SceneDelegate.swift; sourceTree = "<group>"; };
		8050A3D8275A329E00CE2BD4 /* Assets.xcassets */ = {isa = PBXFileReference; lastKnownFileType = folder.assetcatalog; path = Assets.xcassets; sourceTree = "<group>"; };
		8050A3DB275A329E00CE2BD4 /* Base */ = {isa = PBXFileReference; lastKnownFileType = file.storyboard; name = Base; path = Base.lproj/LaunchScreen.storyboard; sourceTree = "<group>"; };
		8050A3DD275A329E00CE2BD4 /* Info.plist */ = {isa = PBXFileReference; lastKnownFileType = text.plist.xml; path = Info.plist; sourceTree = "<group>"; };
		8050A3E8275A385C00CE2BD4 /* MainMenuViewController.swift */ = {isa = PBXFileReference; lastKnownFileType = sourcecode.swift; path = MainMenuViewController.swift; sourceTree = "<group>"; };
		8050A3EA275A386500CE2BD4 /* MainMenu.storyboard */ = {isa = PBXFileReference; lastKnownFileType = file.storyboard; path = MainMenu.storyboard; sourceTree = "<group>"; };
		8050A3F9275A5A0100CE2BD4 /* UIViewControllerExtensions.swift */ = {isa = PBXFileReference; lastKnownFileType = sourcecode.swift; path = UIViewControllerExtensions.swift; sourceTree = "<group>"; };
		8050A3FB275A5AFB00CE2BD4 /* MainMenuItem.swift */ = {isa = PBXFileReference; lastKnownFileType = sourcecode.swift; path = MainMenuItem.swift; sourceTree = "<group>"; };
		807FE353275E02D700E60A6D /* MenuViewController.swift */ = {isa = PBXFileReference; lastKnownFileType = sourcecode.swift; path = MenuViewController.swift; sourceTree = "<group>"; };
		807FE355275E062100E60A6D /* MenuItemProtocol.swift */ = {isa = PBXFileReference; lastKnownFileType = sourcecode.swift; path = MenuItemProtocol.swift; sourceTree = "<group>"; };
		807FE357275E06B500E60A6D /* MenuCell.xib */ = {isa = PBXFileReference; lastKnownFileType = file.xib; path = MenuCell.xib; sourceTree = "<group>"; };
		807FE35B275E0AA100E60A6D /* ScrollViewMenuViewController.swift */ = {isa = PBXFileReference; lastKnownFileType = sourcecode.swift; path = ScrollViewMenuViewController.swift; sourceTree = "<group>"; };
		807FE35D275E0AA900E60A6D /* ScrollViewMenu.storyboard */ = {isa = PBXFileReference; lastKnownFileType = file.storyboard; path = ScrollViewMenu.storyboard; sourceTree = "<group>"; };
		807FE35F275E0ADF00E60A6D /* ScrollViewMenuItem.swift */ = {isa = PBXFileReference; lastKnownFileType = sourcecode.swift; path = ScrollViewMenuItem.swift; sourceTree = "<group>"; };
		807FE362275E0B7500E60A6D /* ScrollViewVerticalViewController.swift */ = {isa = PBXFileReference; lastKnownFileType = sourcecode.swift; path = ScrollViewVerticalViewController.swift; sourceTree = "<group>"; };
		807FE364275E0B8800E60A6D /* ScrollViewVertical.storyboard */ = {isa = PBXFileReference; lastKnownFileType = file.storyboard; path = ScrollViewVertical.storyboard; sourceTree = "<group>"; };
		807FE367275E1D1D00E60A6D /* ScrollViewTwoDirections.storyboard */ = {isa = PBXFileReference; fileEncoding = 4; lastKnownFileType = file.storyboard; path = ScrollViewTwoDirections.storyboard; sourceTree = "<group>"; };
		807FE368275E1D1D00E60A6D /* ScrollViewTwoDirectionsViewController.swift */ = {isa = PBXFileReference; fileEncoding = 4; lastKnownFileType = sourcecode.swift; path = ScrollViewTwoDirectionsViewController.swift; sourceTree = "<group>"; };
		807FE36A275E1D1D00E60A6D /* ScrollViewWithNoContentLayoutGuides.storyboard */ = {isa = PBXFileReference; fileEncoding = 4; lastKnownFileType = file.storyboard; path = ScrollViewWithNoContentLayoutGuides.storyboard; sourceTree = "<group>"; };
		807FE36B275E1D1D00E60A6D /* ScrollViewWithNoContentLayoutGuidesViewController.swift */ = {isa = PBXFileReference; fileEncoding = 4; lastKnownFileType = sourcecode.swift; path = ScrollViewWithNoContentLayoutGuidesViewController.swift; sourceTree = "<group>"; };
		807FE36D275E1D1D00E60A6D /* ScrollViewHorizontalViewController.swift */ = {isa = PBXFileReference; fileEncoding = 4; lastKnownFileType = sourcecode.swift; path = ScrollViewHorizontalViewController.swift; sourceTree = "<group>"; };
		807FE36E275E1D1D00E60A6D /* ScrollViewHorizontal.storyboard */ = {isa = PBXFileReference; fileEncoding = 4; lastKnownFileType = file.storyboard; path = ScrollViewHorizontal.storyboard; sourceTree = "<group>"; };
		807FE370275E1D1D00E60A6D /* ScrollViewWithKeyboard.storyboard */ = {isa = PBXFileReference; fileEncoding = 4; lastKnownFileType = file.storyboard; path = ScrollViewWithKeyboard.storyboard; sourceTree = "<group>"; };
		807FE371275E1D1D00E60A6D /* ScrollViewWithKeyboardViewController.swift */ = {isa = PBXFileReference; fileEncoding = 4; lastKnownFileType = sourcecode.swift; path = ScrollViewWithKeyboardViewController.swift; sourceTree = "<group>"; };
/* End PBXFileReference section */

/* Begin PBXFrameworksBuildPhase section */
		8050A3C9275A329D00CE2BD4 /* Frameworks */ = {
			isa = PBXFrameworksBuildPhase;
			buildActionMask = 2147483647;
			files = (
			);
			runOnlyForDeploymentPostprocessing = 0;
		};
/* End PBXFrameworksBuildPhase section */

/* Begin PBXGroup section */
		261F780227AB9D1E00B12235 /* Menu */ = {
			isa = PBXGroup;
			children = (
				261F780327AB9D1E00B12235 /* CellStyleMenuViewController.swift */,
				261F780427AB9D1E00B12235 /* CellStyleMenuItem.swift */,
			);
			path = Menu;
			sourceTree = "<group>";
		};
		261F780527AB9D1E00B12235 /* ViewControllers */ = {
			isa = PBXGroup;
			children = (
				261F781227AB9EC400B12235 /* Base */,
				261F780627AB9D1E00B12235 /* CellStyleBodyViewController.swift */,
				261F780727AB9D1E00B12235 /* CellStyleLongTextViewController.swift */,
				261F780827AB9D1E00B12235 /* CellStyleDefaultFontViewController.swift */,
				261F780927AB9D1E00B12235 /* CellStyleTitle3ViewController.swift */,
			);
			path = ViewControllers;
			sourceTree = "<group>";
		};
		261F781227AB9EC400B12235 /* Base */ = {
			isa = PBXGroup;
			children = (
				261F781027AB9EB900B12235 /* CellStyleBaseViewController.swift */,
				26F3843727A85C0B005E2588 /* CellStyleSection.swift */,
			);
			path = Base;
			sourceTree = "<group>";
		};
		261F781327ABA38000B12235 /* HeadersAndFootters */ = {
			isa = PBXGroup;
			children = (
				261F781627ABA42700B12235 /* Subviews */,
				261F781427ABA3BB00B12235 /* TableViewHeadersAndFoottersViewController.swift */,
			);
			path = HeadersAndFootters;
			sourceTree = "<group>";
		};
		261F781627ABA42700B12235 /* Subviews */ = {
			isa = PBXGroup;
			children = (
				261F781927ABA49700B12235 /* TableViewHeaderFooterView.swift */,
				261F781727ABA44900B12235 /* TableViewHeaderFooterView.xib */,
				261F781D27AC4EDD00B12235 /* TableViewSectionHeaderView.swift */,
				261F781B27AC4EC800B12235 /* TableViewSectionHeaderView.xib */,
			);
			path = Subviews;
			sourceTree = "<group>";
		};
		261F781F27AC6E3200B12235 /* SectionIndex */ = {
			isa = PBXGroup;
			children = (
				261F782027AC700000B12235 /* TableViewSectionIndexViewController.swift */,
				261F782B27AC73AE00B12235 /* TableViewSectionIndexViewModel.swift */,
			);
			path = SectionIndex;
			sourceTree = "<group>";
		};
		261F782727AC72F500B12235 /* Models */ = {
			isa = PBXGroup;
			children = (
				261F782A27AC733300B12235 /* Mock data */,
				261F782827AC731D00B12235 /* Person.swift */,
			);
			path = Models;
			sourceTree = "<group>";
		};
		261F782A27AC733300B12235 /* Mock data */ = {
			isa = PBXGroup;
			children = (
				261F782327AC72B500B12235 /* personData.json */,
			);
			path = "Mock data";
			sourceTree = "<group>";
		};
		2658054F27AEE3F6002255F7 /* ButtonClicksCounter */ = {
			isa = PBXGroup;
			children = (
				2658055027AEE408002255F7 /* ButtonClicksCounter.swift */,
			);
			path = ButtonClicksCounter;
			sourceTree = "<group>";
		};
		2658055227AFB6FA002255F7 /* Base */ = {
			isa = PBXGroup;
			children = (
				2658055327AFB705002255F7 /* BaseTextFieldViewController.swift */,
			);
			path = Base;
			sourceTree = "<group>";
		};
		267400B527836A4A00BCA6D3 /* AllElements */ = {
			isa = PBXGroup;
			children = (
				267400B627836A5C00BCA6D3 /* AllElements.storyboard */,
				267400B827836A7200BCA6D3 /* AllElementsViewController.swift */,
			);
			path = AllElements;
			sourceTree = "<group>";
		};
		2696CFEB279B0174004521F0 /* Label */ = {
			isa = PBXGroup;
			children = (
				2696CFEE279B02DF004521F0 /* Menu */,
				26D63209279C7B6D0029AE96 /* ViewControllers */,
			);
			path = Label;
			sourceTree = "<group>";
		};
		2696CFEE279B02DF004521F0 /* Menu */ = {
			isa = PBXGroup;
			children = (
				2696CFF1279B0316004521F0 /* LabelMenuItem.swift */,
				2696CFEF279B030F004521F0 /* LabelMenuViewController.swift */,
				2696CFF3279B0324004521F0 /* LabelMenu.storyboard */,
			);
			path = Menu;
			sourceTree = "<group>";
		};
		2696CFF5279B0536004521F0 /* TextStyles */ = {
			isa = PBXGroup;
			children = (
				2696D000279B0D15004521F0 /* TextStylesViewController.swift */,
				2696CFEC279B0183004521F0 /* TextStyles.storyboard */,
			);
			path = TextStyles;
			sourceTree = "<group>";
		};
		2696CFF6279B0578004521F0 /* FontSizes */ = {
			isa = PBXGroup;
			children = (
				2696CFFE279B0D0D004521F0 /* FontSizesViewController.swift */,
				2696CFF8279B0598004521F0 /* FontSizes.storyboard */,
			);
			path = FontSizes;
			sourceTree = "<group>";
		};
		2696CFF7279B0580004521F0 /* FontWeights */ = {
			isa = PBXGroup;
			children = (
				2696CFFC279B0D02004521F0 /* FontWeightsViewController.swift */,
				2696CFFA279B05A1004521F0 /* FontWeights.storyboard */,
			);
			path = FontWeights;
			sourceTree = "<group>";
		};
		2696D002279B20E0004521F0 /* Button */ = {
			isa = PBXGroup;
			children = (
				2658054F27AEE3F6002255F7 /* ButtonClicksCounter */,
				26D631FC279C12AC0029AE96 /* Menu */,
				26D63208279C7B5A0029AE96 /* ViewControllers */,
			);
			path = Button;
			sourceTree = "<group>";
		};
		2696D007279B2CF8004521F0 /* Styles */ = {
			isa = PBXGroup;
			children = (
				2696D00B279B2D33004521F0 /* ButtonStylesViewController.swift */,
				2696D009279B2D2A004521F0 /* ButtonStyles.storyboard */,
			);
			path = Styles;
			sourceTree = "<group>";
		};
		2696D008279B2CFE004521F0 /* SystemSizes */ = {
			isa = PBXGroup;
			children = (
				2696D00D279B2D43004521F0 /* ButtonSystemSizesViewController.swift */,
				2696D00F279B2D5E004521F0 /* ButtonSystemSizes.storyboard */,
			);
			path = SystemSizes;
			sourceTree = "<group>";
		};
		2696D011279B2D7F004521F0 /* Toggle */ = {
			isa = PBXGroup;
			children = (
				2696D014279B2D94004521F0 /* ButtonToggleViewController.swift */,
				2696D012279B2D8A004521F0 /* ButtonToggle.storyboard */,
			);
			path = Toggle;
			sourceTree = "<group>";
		};
		2696D016279B2EF7004521F0 /* CornerStyle */ = {
			isa = PBXGroup;
			children = (
				2696D017279B2F0B004521F0 /* ButtonCornerStyleViewController.swift */,
				2696D019279B2F10004521F0 /* ButtonCornerStyle.storyboard */,
			);
			path = CornerStyle;
			sourceTree = "<group>";
		};
		2696D01B279B2FE9004521F0 /* Other */ = {
			isa = PBXGroup;
			children = (
				2696D021279B3031004521F0 /* OtherButtonsViewController.swift */,
				2696D023279B3037004521F0 /* OtherButtons.storyboard */,
			);
			path = Other;
			sourceTree = "<group>";
		};
		26A3C63727A310030029020F /* TextView */ = {
			isa = PBXGroup;
			children = (
				26A3C64727A310030029020F /* Menu */,
				26A3C63827A310030029020F /* ViewControllers */,
			);
			path = TextView;
			sourceTree = "<group>";
		};
		26A3C63827A310030029020F /* ViewControllers */ = {
			isa = PBXGroup;
			children = (
				26A3C63F27A310030029020F /* DataDetectors */,
				26A3C63C27A310030029020F /* Editable */,
				26A3C64227A310030029020F /* NonEditable */,
				26A3C63927A310030029020F /* NonEditableNonSelectable */,
			);
			path = ViewControllers;
			sourceTree = "<group>";
		};
		26A3C63927A310030029020F /* NonEditableNonSelectable */ = {
			isa = PBXGroup;
			children = (
				26A3C63B27A310030029020F /* TextViewNonEditableNonSelectableViewController.swift */,
				26A3C63A27A310030029020F /* TextViewNonEditableNonSelectable.storyboard */,
			);
			path = NonEditableNonSelectable;
			sourceTree = "<group>";
		};
		26A3C63C27A310030029020F /* Editable */ = {
			isa = PBXGroup;
			children = (
				26A3C63E27A310030029020F /* TextViewEditableViewController.swift */,
				26A3C63D27A310030029020F /* TextViewEditable.storyboard */,
			);
			path = Editable;
			sourceTree = "<group>";
		};
		26A3C63F27A310030029020F /* DataDetectors */ = {
			isa = PBXGroup;
			children = (
				26A3C64027A310030029020F /* TextViewDataDetectorsViewController.swift */,
				26A3C64127A310030029020F /* TextViewDataDetectors.storyboard */,
			);
			path = DataDetectors;
			sourceTree = "<group>";
		};
		26A3C64227A310030029020F /* NonEditable */ = {
			isa = PBXGroup;
			children = (
				26A3C64427A310030029020F /* TextViewNonEditableViewController.swift */,
				26A3C64327A310030029020F /* TextViewNonEditable.storyboard */,
			);
			path = NonEditable;
			sourceTree = "<group>";
		};
		26A3C64727A310030029020F /* Menu */ = {
			isa = PBXGroup;
			children = (
				26A3C64827A310030029020F /* TextViewMenuItem.swift */,
				26A3C64A27A310030029020F /* TextViewMenuViewController.swift */,
				26A3C64927A310030029020F /* TextViewMenu.storyboard */,
			);
			path = Menu;
			sourceTree = "<group>";
		};
		26A3C65727A31B830029020F /* Base ViewController */ = {
			isa = PBXGroup;
			children = (
				26A3C65827A31B900029020F /* BaseViewController.swift */,
			);
			path = "Base ViewController";
			sourceTree = "<group>";
		};
		26D631F7279C08230029AE96 /* ImagePlacement */ = {
			isa = PBXGroup;
			children = (
				26D631F8279C08230029AE96 /* ButtonImagePlacementViewController.swift */,
				26D631F9279C08230029AE96 /* ButtonImagePlacement.storyboard */,
			);
			path = ImagePlacement;
			sourceTree = "<group>";
		};
		26D631FC279C12AC0029AE96 /* Menu */ = {
			isa = PBXGroup;
			children = (
				26D631FD279C12AC0029AE96 /* ButtonMenuViewController.swift */,
				26D631FF279C12AC0029AE96 /* ButtonMenuItem.swift */,
				26D631FE279C12AC0029AE96 /* ButtonMenu.storyboard */,
			);
			path = Menu;
			sourceTree = "<group>";
		};
		26D63203279C72D40029AE96 /* TextField */ = {
			isa = PBXGroup;
			children = (
				26D6320C279C7E170029AE96 /* Menu */,
				26D63210279C7E170029AE96 /* ViewControllers */,
			);
			path = TextField;
			sourceTree = "<group>";
		};
		26D63208279C7B5A0029AE96 /* ViewControllers */ = {
			isa = PBXGroup;
			children = (
				2696D016279B2EF7004521F0 /* CornerStyle */,
				26D631F7279C08230029AE96 /* ImagePlacement */,
				2696D01B279B2FE9004521F0 /* Other */,
				2696D007279B2CF8004521F0 /* Styles */,
				2696D008279B2CFE004521F0 /* SystemSizes */,
				2696D011279B2D7F004521F0 /* Toggle */,
			);
			path = ViewControllers;
			sourceTree = "<group>";
		};
		26D63209279C7B6D0029AE96 /* ViewControllers */ = {
			isa = PBXGroup;
			children = (
				2696CFF6279B0578004521F0 /* FontSizes */,
				2696CFF7279B0580004521F0 /* FontWeights */,
				2696CFF5279B0536004521F0 /* TextStyles */,
			);
			path = ViewControllers;
			sourceTree = "<group>";
		};
		26D6320A279C7B810029AE96 /* ViewControllers */ = {
			isa = PBXGroup;
			children = (
				807FE36C275E1D1D00E60A6D /* Horizontal */,
				807FE366275E1D1D00E60A6D /* TwoDirections */,
				807FE361275E0B6300E60A6D /* Vertical */,
				807FE36F275E1D1D00E60A6D /* WithKeyboard */,
				807FE369275E1D1D00E60A6D /* WithNoContentLayoutGudes */,
			);
			path = ViewControllers;
			sourceTree = "<group>";
		};
		26D6320B279C7C220029AE96 /* Main Menu ViewControllers */ = {
			isa = PBXGroup;
			children = (
				267400B527836A4A00BCA6D3 /* AllElements */,
				2696D002279B20E0004521F0 /* Button */,
				2696CFEB279B0174004521F0 /* Label */,
				807FE359275E0A8D00E60A6D /* ScrollView */,
				26D816BC27A45745005F8135 /* TableView */,
				26D63203279C72D40029AE96 /* TextField */,
				26A3C63727A310030029020F /* TextView */,
			);
			path = "Main Menu ViewControllers";
			sourceTree = "<group>";
		};
		26D6320C279C7E170029AE96 /* Menu */ = {
			isa = PBXGroup;
			children = (
				26D6320F279C7E170029AE96 /* TextFieldMenuItem.swift */,
				26D6320D279C7E170029AE96 /* TextFieldMenuViewController.swift */,
				26D6320E279C7E170029AE96 /* TextFieldMenu.storyboard */,
			);
			path = Menu;
			sourceTree = "<group>";
		};
		26D63210279C7E170029AE96 /* ViewControllers */ = {
			isa = PBXGroup;
			children = (
				2658055227AFB6FA002255F7 /* Base */,
				26D63217279C7E170029AE96 /* BorderStyle */,
				26D6321A279C7E170029AE96 /* ClearButton */,
				26D6321D279C7E170029AE96 /* Disabled */,
				26D63220279C7E170029AE96 /* KeyboardType */,
				26D63232279C81130029AE96 /* Other */,
				26D63211279C7E170029AE96 /* ReturnKeyType */,
				26D63214279C7E170029AE96 /* Traits */,
			);
			path = ViewControllers;
			sourceTree = "<group>";
		};
		26D63211279C7E170029AE96 /* ReturnKeyType */ = {
			isa = PBXGroup;
			children = (
				26D63212279C7E170029AE96 /* TextFieldReturnKeyTypeViewController.swift */,
				26D63213279C7E170029AE96 /* TextFieldReturnKeyType.storyboard */,
			);
			path = ReturnKeyType;
			sourceTree = "<group>";
		};
		26D63214279C7E170029AE96 /* Traits */ = {
			isa = PBXGroup;
			children = (
				26D63215279C7E170029AE96 /* TextFieldTraitsViewController.swift */,
				26D63216279C7E170029AE96 /* TextFieldTraits.storyboard */,
			);
			path = Traits;
			sourceTree = "<group>";
		};
		26D63217279C7E170029AE96 /* BorderStyle */ = {
			isa = PBXGroup;
			children = (
				26D63218279C7E170029AE96 /* TextFieldBorderStyleViewController.swift */,
				26D63219279C7E170029AE96 /* TextFieldBorderStyle.storyboard */,
			);
			path = BorderStyle;
			sourceTree = "<group>";
		};
		26D6321A279C7E170029AE96 /* ClearButton */ = {
			isa = PBXGroup;
			children = (
				26D6321C279C7E170029AE96 /* TextFieldClearButtonViewController.swift */,
				26D6321B279C7E170029AE96 /* TextFieldClearButton.storyboard */,
			);
			path = ClearButton;
			sourceTree = "<group>";
		};
		26D6321D279C7E170029AE96 /* Disabled */ = {
			isa = PBXGroup;
			children = (
				26D6321F279C7E170029AE96 /* TextFieldDisabledViewController.swift */,
				26D6321E279C7E170029AE96 /* TextFieldDisabled.storyboard */,
			);
			path = Disabled;
			sourceTree = "<group>";
		};
		26D63220279C7E170029AE96 /* KeyboardType */ = {
			isa = PBXGroup;
			children = (
				26D63221279C7E170029AE96 /* TextFieldKeyboardTypeViewController.swift */,
				26D63222279C7E170029AE96 /* TextFieldKeyboardType.storyboard */,
			);
			path = KeyboardType;
			sourceTree = "<group>";
		};
		26D63232279C81130029AE96 /* Other */ = {
			isa = PBXGroup;
			children = (
				26D63233279C81130029AE96 /* TextFieldOtherViewController.swift */,
				26D63234279C81130029AE96 /* TextFieldOther.storyboard */,
			);
			path = Other;
			sourceTree = "<group>";
		};
		26D816BC27A45745005F8135 /* TableView */ = {
			isa = PBXGroup;
			children = (
				26D816BD27A4574E005F8135 /* Menu */,
				26D816C427A457AE005F8135 /* ViewControllers */,
				26D816BE27A45759005F8135 /* TableView.storyboard */,
			);
			path = TableView;
			sourceTree = "<group>";
		};
		26D816BD27A4574E005F8135 /* Menu */ = {
			isa = PBXGroup;
			children = (
				26D816C027A4576A005F8135 /* TableViewMenuViewController.swift */,
				26D816C227A45772005F8135 /* TableViewMenuItem.swift */,
			);
			path = Menu;
			sourceTree = "<group>";
		};
		26D816C427A457AE005F8135 /* ViewControllers */ = {
			isa = PBXGroup;
			children = (
				26F3843227A84983005E2588 /* Base */,
				26D816E627A459E5005F8135 /* CellAccessoryType */,
				26D816EA27A459E5005F8135 /* CellSelectionStyle */,
				26D816D727A459E5005F8135 /* CellSeparatorInsets */,
				26D816E827A459E5005F8135 /* CellStyle */,
				261F781327ABA38000B12235 /* HeadersAndFootters */,
				261F781F27AC6E3200B12235 /* SectionIndex */,
				26D816C727A459E5005F8135 /* Selection */,
				26D816CF27A459E5005F8135 /* SeparatorStyle */,
				26D816DC27A459E5005F8135 /* Style */,
			);
			path = ViewControllers;
			sourceTree = "<group>";
		};
		26D816C727A459E5005F8135 /* Selection */ = {
			isa = PBXGroup;
			children = (
				26D816C827A459E5005F8135 /* ViewControllers */,
				26D816CC27A459E5005F8135 /* Menu */,
			);
			path = Selection;
			sourceTree = "<group>";
		};
		26D816C827A459E5005F8135 /* ViewControllers */ = {
			isa = PBXGroup;
			children = (
				26D816C927A459E5005F8135 /* TableViewSelectionSingleViewController.swift */,
				26D816CA27A459E5005F8135 /* TableViewSelectionWithDeselectViewController.swift */,
				26D816CB27A459E5005F8135 /* TableViewSelectionMultipleViewController.swift */,
			);
			path = ViewControllers;
			sourceTree = "<group>";
		};
		26D816CC27A459E5005F8135 /* Menu */ = {
			isa = PBXGroup;
			children = (
				26D816CE27A459E5005F8135 /* TableViewSelectionMenuItem.swift */,
				26D816CD27A459E5005F8135 /* TableViewSelectionMenuViewController.swift */,
			);
			path = Menu;
			sourceTree = "<group>";
		};
		26D816CF27A459E5005F8135 /* SeparatorStyle */ = {
			isa = PBXGroup;
			children = (
				26D816D027A459E5005F8135 /* ViewControllers */,
				26D816D427A459E5005F8135 /* Menu */,
			);
			path = SeparatorStyle;
			sourceTree = "<group>";
		};
		26D816D027A459E5005F8135 /* ViewControllers */ = {
			isa = PBXGroup;
			children = (
				26D816D127A459E5005F8135 /* TableViewSeparatorStyleEtchedViewController.swift */,
				26D816D227A459E5005F8135 /* TableViewSeparatorStyleNoneViewController.swift */,
				26D816D327A459E5005F8135 /* TableViewSeparatorStyleLineViewController.swift */,
			);
			path = ViewControllers;
			sourceTree = "<group>";
		};
		26D816D427A459E5005F8135 /* Menu */ = {
			isa = PBXGroup;
			children = (
				26D816D527A459E5005F8135 /* TableViewSeparatorStyleMenuItem.swift */,
				26D816D627A459E5005F8135 /* TableViewSeparatorStyleMenuViewController.swift */,
			);
			path = Menu;
			sourceTree = "<group>";
		};
		26D816D727A459E5005F8135 /* CellSeparatorInsets */ = {
			isa = PBXGroup;
			children = (
				26D816D827A459E5005F8135 /* CellSeparatorInsetsViewController.swift */,
				26F3843D27A87C99005E2588 /* CellSeparatorInsetsItem.swift */,
			);
			path = CellSeparatorInsets;
			sourceTree = "<group>";
		};
		26D816DC27A459E5005F8135 /* Style */ = {
			isa = PBXGroup;
			children = (
				26D816DD27A459E5005F8135 /* ViewControllers */,
				26D816E127A459E5005F8135 /* Menu */,
			);
			path = Style;
			sourceTree = "<group>";
		};
		26D816DD27A459E5005F8135 /* ViewControllers */ = {
			isa = PBXGroup;
			children = (
				26D816DE27A459E5005F8135 /* TableViewStyleInsetGroupedViewController.swift */,
				26D816DF27A459E5005F8135 /* TableViewStyleGroupedViewController.swift */,
				26D816E027A459E5005F8135 /* TableViewStylePlainViewController.swift */,
			);
			path = ViewControllers;
			sourceTree = "<group>";
		};
		26D816E127A459E5005F8135 /* Menu */ = {
			isa = PBXGroup;
			children = (
				26D816E227A459E5005F8135 /* TableViewStyleMenuItem.swift */,
				26D816E327A459E5005F8135 /* TableViewStyleMenuViewController.swift */,
			);
			path = Menu;
			sourceTree = "<group>";
		};
		26D816E627A459E5005F8135 /* CellAccessoryType */ = {
			isa = PBXGroup;
			children = (
				26D816E727A459E5005F8135 /* CellAccessoryTypeViewController.swift */,
				26F3843B27A87979005E2588 /* CellAccessoryTypeItem.swift */,
			);
			path = CellAccessoryType;
			sourceTree = "<group>";
		};
		26D816E827A459E5005F8135 /* CellStyle */ = {
			isa = PBXGroup;
			children = (
				261F780227AB9D1E00B12235 /* Menu */,
				261F780527AB9D1E00B12235 /* ViewControllers */,
			);
			path = CellStyle;
			sourceTree = "<group>";
		};
		26D816EA27A459E5005F8135 /* CellSelectionStyle */ = {
			isa = PBXGroup;
			children = (
				26D816EB27A459E5005F8135 /* CellSelectionStyleViewController.swift */,
				26F3843927A85C1F005E2588 /* CellSelectionStyleItem.swift */,
			);
			path = CellSelectionStyle;
			sourceTree = "<group>";
		};
		26F3843227A84983005E2588 /* Base */ = {
			isa = PBXGroup;
			children = (
				26F3843327A84B1C005E2588 /* SimpleTableViewController.swift */,
				26F3843527A84D94005E2588 /* SimpleTableViewCell.xib */,
			);
			path = Base;
			sourceTree = "<group>";
		};
		8050A3C3275A329D00CE2BD4 = {
			isa = PBXGroup;
			children = (
				8050A3CE275A329D00CE2BD4 /* UIKit-Storyboard */,
				8050A3CD275A329D00CE2BD4 /* Products */,
			);
			sourceTree = "<group>";
		};
		8050A3CD275A329D00CE2BD4 /* Products */ = {
			isa = PBXGroup;
			children = (
				8050A3CC275A329D00CE2BD4 /* UIKit-Storyboard.app */,
			);
			name = Products;
			sourceTree = "<group>";
		};
		8050A3CE275A329D00CE2BD4 /* UIKit-Storyboard */ = {
			isa = PBXGroup;
			children = (
				8050A3E7275A379400CE2BD4 /* Source */,
				8050A3E6275A36FE00CE2BD4 /* Supporting files */,
			);
			path = "UIKit-Storyboard";
			sourceTree = "<group>";
		};
		8050A3E3275A369800CE2BD4 /* AppDelegate */ = {
			isa = PBXGroup;
			children = (
				8050A3CF275A329D00CE2BD4 /* AppDelegate.swift */,
				8050A3D1275A329D00CE2BD4 /* SceneDelegate.swift */,
			);
			path = AppDelegate;
			sourceTree = "<group>";
		};
		8050A3E4275A36C100CE2BD4 /* Main Menu */ = {
			isa = PBXGroup;
			children = (
				8050A3FB275A5AFB00CE2BD4 /* MainMenuItem.swift */,
				8050A3E8275A385C00CE2BD4 /* MainMenuViewController.swift */,
				8050A3EA275A386500CE2BD4 /* MainMenu.storyboard */,
			);
			path = "Main Menu";
			sourceTree = "<group>";
		};
		8050A3E5275A36D100CE2BD4 /* ViewControllers */ = {
			isa = PBXGroup;
			children = (
				26A3C65727A31B830029020F /* Base ViewController */,
				807FE352275E02C000E60A6D /* Base Menu */,
				8050A3E4275A36C100CE2BD4 /* Main Menu */,
				26D6320B279C7C220029AE96 /* Main Menu ViewControllers */,
			);
			path = ViewControllers;
			sourceTree = "<group>";
		};
		8050A3E6275A36FE00CE2BD4 /* Supporting files */ = {
			isa = PBXGroup;
			children = (
				8050A3D8275A329E00CE2BD4 /* Assets.xcassets */,
				8050A3DD275A329E00CE2BD4 /* Info.plist */,
				8050A3DA275A329E00CE2BD4 /* LaunchScreen.storyboard */,
			);
			path = "Supporting files";
			sourceTree = "<group>";
		};
		8050A3E7275A379400CE2BD4 /* Source */ = {
			isa = PBXGroup;
			children = (
				8050A3E3275A369800CE2BD4 /* AppDelegate */,
				261F782727AC72F500B12235 /* Models */,
				8050A3F6275A594A00CE2BD4 /* Utils */,
				8050A3E5275A36D100CE2BD4 /* ViewControllers */,
			);
			path = Source;
			sourceTree = "<group>";
		};
		8050A3F6275A594A00CE2BD4 /* Utils */ = {
			isa = PBXGroup;
			children = (
				8050A3F9275A5A0100CE2BD4 /* UIViewControllerExtensions.swift */,
			);
			path = Utils;
			sourceTree = "<group>";
		};
		807FE352275E02C000E60A6D /* Base Menu */ = {
			isa = PBXGroup;
			children = (
				807FE355275E062100E60A6D /* MenuItemProtocol.swift */,
				807FE353275E02D700E60A6D /* MenuViewController.swift */,
				807FE357275E06B500E60A6D /* MenuCell.xib */,
			);
			path = "Base Menu";
			sourceTree = "<group>";
		};
		807FE359275E0A8D00E60A6D /* ScrollView */ = {
			isa = PBXGroup;
			children = (
				807FE35A275E0A9400E60A6D /* Menu */,
				26D6320A279C7B810029AE96 /* ViewControllers */,
			);
			path = ScrollView;
			sourceTree = "<group>";
		};
		807FE35A275E0A9400E60A6D /* Menu */ = {
			isa = PBXGroup;
			children = (
				807FE35F275E0ADF00E60A6D /* ScrollViewMenuItem.swift */,
				807FE35B275E0AA100E60A6D /* ScrollViewMenuViewController.swift */,
				807FE35D275E0AA900E60A6D /* ScrollViewMenu.storyboard */,
			);
			path = Menu;
			sourceTree = "<group>";
		};
		807FE361275E0B6300E60A6D /* Vertical */ = {
			isa = PBXGroup;
			children = (
				807FE362275E0B7500E60A6D /* ScrollViewVerticalViewController.swift */,
				807FE364275E0B8800E60A6D /* ScrollViewVertical.storyboard */,
			);
			path = Vertical;
			sourceTree = "<group>";
		};
		807FE366275E1D1D00E60A6D /* TwoDirections */ = {
			isa = PBXGroup;
			children = (
				807FE368275E1D1D00E60A6D /* ScrollViewTwoDirectionsViewController.swift */,
				807FE367275E1D1D00E60A6D /* ScrollViewTwoDirections.storyboard */,
			);
			path = TwoDirections;
			sourceTree = "<group>";
		};
		807FE369275E1D1D00E60A6D /* WithNoContentLayoutGudes */ = {
			isa = PBXGroup;
			children = (
				807FE36B275E1D1D00E60A6D /* ScrollViewWithNoContentLayoutGuidesViewController.swift */,
				807FE36A275E1D1D00E60A6D /* ScrollViewWithNoContentLayoutGuides.storyboard */,
			);
			path = WithNoContentLayoutGudes;
			sourceTree = "<group>";
		};
		807FE36C275E1D1D00E60A6D /* Horizontal */ = {
			isa = PBXGroup;
			children = (
				807FE36D275E1D1D00E60A6D /* ScrollViewHorizontalViewController.swift */,
				807FE36E275E1D1D00E60A6D /* ScrollViewHorizontal.storyboard */,
			);
			path = Horizontal;
			sourceTree = "<group>";
		};
		807FE36F275E1D1D00E60A6D /* WithKeyboard */ = {
			isa = PBXGroup;
			children = (
				807FE371275E1D1D00E60A6D /* ScrollViewWithKeyboardViewController.swift */,
				807FE370275E1D1D00E60A6D /* ScrollViewWithKeyboard.storyboard */,
			);
			path = WithKeyboard;
			sourceTree = "<group>";
		};
/* End PBXGroup section */

/* Begin PBXNativeTarget section */
		8050A3CB275A329D00CE2BD4 /* UIKit-Storyboard */ = {
			isa = PBXNativeTarget;
			buildConfigurationList = 8050A3E0275A329E00CE2BD4 /* Build configuration list for PBXNativeTarget "UIKit-Storyboard" */;
			buildPhases = (
				8050A3C8275A329D00CE2BD4 /* Sources */,
				8050A3C9275A329D00CE2BD4 /* Frameworks */,
				8050A3CA275A329D00CE2BD4 /* Resources */,
			);
			buildRules = (
			);
			dependencies = (
			);
			name = "UIKit-Storyboard";
			productName = "UIKit-Storyboard";
			productReference = 8050A3CC275A329D00CE2BD4 /* UIKit-Storyboard.app */;
			productType = "com.apple.product-type.application";
		};
/* End PBXNativeTarget section */

/* Begin PBXProject section */
		8050A3C4275A329D00CE2BD4 /* Project object */ = {
			isa = PBXProject;
			attributes = {
				BuildIndependentTargetsInParallel = 1;
				LastSwiftUpdateCheck = 1310;
				LastUpgradeCheck = 1310;
				TargetAttributes = {
					8050A3CB275A329D00CE2BD4 = {
						CreatedOnToolsVersion = 13.1;
					};
				};
			};
			buildConfigurationList = 8050A3C7275A329D00CE2BD4 /* Build configuration list for PBXProject "UIKit-Storyboard" */;
			compatibilityVersion = "Xcode 13.0";
			developmentRegion = en;
			hasScannedForEncodings = 0;
			knownRegions = (
				en,
				Base,
			);
			mainGroup = 8050A3C3275A329D00CE2BD4;
			productRefGroup = 8050A3CD275A329D00CE2BD4 /* Products */;
			projectDirPath = "";
			projectRoot = "";
			targets = (
				8050A3CB275A329D00CE2BD4 /* UIKit-Storyboard */,
			);
		};
/* End PBXProject section */

/* Begin PBXResourcesBuildPhase section */
		8050A3CA275A329D00CE2BD4 /* Resources */ = {
			isa = PBXResourcesBuildPhase;
			buildActionMask = 2147483647;
			files = (
				2696D013279B2D8A004521F0 /* ButtonToggle.storyboard in Resources */,
				807FE358275E06B500E60A6D /* MenuCell.xib in Resources */,
				807FE365275E0B8800E60A6D /* ScrollViewVertical.storyboard in Resources */,
				261F781C27AC4EC800B12235 /* TableViewSectionHeaderView.xib in Resources */,
				8050A3EB275A386500CE2BD4 /* MainMenu.storyboard in Resources */,
				26D816BF27A45759005F8135 /* TableView.storyboard in Resources */,
				26D63201279C12AC0029AE96 /* ButtonMenu.storyboard in Resources */,
				26D6322E279C7E170029AE96 /* TextFieldDisabled.storyboard in Resources */,
				26A3C65127A310030029020F /* TextViewNonEditable.storyboard in Resources */,
				261F782427AC72B500B12235 /* personData.json in Resources */,
				26A3C64B27A310030029020F /* TextViewNonEditableNonSelectable.storyboard in Resources */,
				2696D024279B3037004521F0 /* OtherButtons.storyboard in Resources */,
				807FE374275E1D1D00E60A6D /* ScrollViewWithNoContentLayoutGuides.storyboard in Resources */,
				26A3C65527A310030029020F /* TextViewMenu.storyboard in Resources */,
				8050A3DC275A329E00CE2BD4 /* LaunchScreen.storyboard in Resources */,
				26D6322B279C7E170029AE96 /* TextFieldBorderStyle.storyboard in Resources */,
				26D63229279C7E170029AE96 /* TextFieldTraits.storyboard in Resources */,
				261F781827ABA44900B12235 /* TableViewHeaderFooterView.xib in Resources */,
				807FE372275E1D1D00E60A6D /* ScrollViewTwoDirections.storyboard in Resources */,
				2696CFF9279B0598004521F0 /* FontSizes.storyboard in Resources */,
				2696D010279B2D5E004521F0 /* ButtonSystemSizes.storyboard in Resources */,
				807FE35E275E0AA900E60A6D /* ScrollViewMenu.storyboard in Resources */,
				807FE378275E1D1D00E60A6D /* ScrollViewWithKeyboard.storyboard in Resources */,
				26A3C65027A310030029020F /* TextViewDataDetectors.storyboard in Resources */,
				26D63227279C7E170029AE96 /* TextFieldReturnKeyType.storyboard in Resources */,
				26D631FB279C08230029AE96 /* ButtonImagePlacement.storyboard in Resources */,
				807FE377275E1D1D00E60A6D /* ScrollViewHorizontal.storyboard in Resources */,
				2696CFED279B0183004521F0 /* TextStyles.storyboard in Resources */,
				26A3C64D27A310030029020F /* TextViewEditable.storyboard in Resources */,
				2696D00A279B2D2A004521F0 /* ButtonStyles.storyboard in Resources */,
				8050A3D9275A329E00CE2BD4 /* Assets.xcassets in Resources */,
				26D6322C279C7E170029AE96 /* TextFieldClearButton.storyboard in Resources */,
				2696CFF4279B0324004521F0 /* LabelMenu.storyboard in Resources */,
				26D63236279C81130029AE96 /* TextFieldOther.storyboard in Resources */,
				267400B727836A5C00BCA6D3 /* AllElements.storyboard in Resources */,
				26D63231279C7E170029AE96 /* TextFieldKeyboardType.storyboard in Resources */,
				26D63224279C7E170029AE96 /* TextFieldMenu.storyboard in Resources */,
				26F3843627A84D94005E2588 /* SimpleTableViewCell.xib in Resources */,
				2696CFFB279B05A1004521F0 /* FontWeights.storyboard in Resources */,
				2696D01A279B2F10004521F0 /* ButtonCornerStyle.storyboard in Resources */,
			);
			runOnlyForDeploymentPostprocessing = 0;
		};
/* End PBXResourcesBuildPhase section */

/* Begin PBXSourcesBuildPhase section */
		8050A3C8275A329D00CE2BD4 /* Sources */ = {
			isa = PBXSourcesBuildPhase;
			buildActionMask = 2147483647;
			files = (
				26A3C64F27A310030029020F /* TextViewDataDetectorsViewController.swift in Sources */,
				2658055127AEE408002255F7 /* ButtonClicksCounter.swift in Sources */,
				26D63202279C12AC0029AE96 /* ButtonMenuItem.swift in Sources */,
				261F780F27AB9D1E00B12235 /* CellStyleTitle3ViewController.swift in Sources */,
				26D63228279C7E170029AE96 /* TextFieldTraitsViewController.swift in Sources */,
				26A3C65427A310030029020F /* TextViewMenuItem.swift in Sources */,
				261F781527ABA3BB00B12235 /* TableViewHeadersAndFoottersViewController.swift in Sources */,
				261F780D27AB9D1E00B12235 /* CellStyleLongTextViewController.swift in Sources */,
				26F3843427A84B1C005E2588 /* SimpleTableViewController.swift in Sources */,
				2696CFFF279B0D0D004521F0 /* FontSizesViewController.swift in Sources */,
				26D63200279C12AC0029AE96 /* ButtonMenuViewController.swift in Sources */,
				26D816F227A459E5005F8135 /* TableViewSelectionMenuViewController.swift in Sources */,
				261F782C27AC73AE00B12235 /* TableViewSectionIndexViewModel.swift in Sources */,
				26D816F427A459E5005F8135 /* TableViewSeparatorStyleEtchedViewController.swift in Sources */,
				26D816FE27A459E5005F8135 /* TableViewStylePlainViewController.swift in Sources */,
				26D816F327A459E5005F8135 /* TableViewSelectionMenuItem.swift in Sources */,
				26A3C65627A310030029020F /* TextViewMenuViewController.swift in Sources */,
				26D6322A279C7E170029AE96 /* TextFieldBorderStyleViewController.swift in Sources */,
				26D816FF27A459E5005F8135 /* TableViewStyleMenuItem.swift in Sources */,
				26D816F027A459E5005F8135 /* TableViewSelectionWithDeselectViewController.swift in Sources */,
				26D63223279C7E170029AE96 /* TextFieldMenuViewController.swift in Sources */,
				26D6322D279C7E170029AE96 /* TextFieldClearButtonViewController.swift in Sources */,
				26D63235279C81130029AE96 /* TextFieldOtherViewController.swift in Sources */,
				26D816F827A459E5005F8135 /* TableViewSeparatorStyleMenuViewController.swift in Sources */,
				2696D00E279B2D43004521F0 /* ButtonSystemSizesViewController.swift in Sources */,
				26A3C65927A31B900029020F /* BaseViewController.swift in Sources */,
				26D816F527A459E5005F8135 /* TableViewSeparatorStyleNoneViewController.swift in Sources */,
				26D816F727A459E5005F8135 /* TableViewSeparatorStyleMenuItem.swift in Sources */,
				26D63225279C7E170029AE96 /* TextFieldMenuItem.swift in Sources */,
				807FE375275E1D1D00E60A6D /* ScrollViewWithNoContentLayoutGuidesViewController.swift in Sources */,
				8050A3D0275A329D00CE2BD4 /* AppDelegate.swift in Sources */,
				26D816C327A45772005F8135 /* TableViewMenuItem.swift in Sources */,
				26D816EF27A459E5005F8135 /* TableViewSelectionSingleViewController.swift in Sources */,
				26D816F127A459E5005F8135 /* TableViewSelectionMultipleViewController.swift in Sources */,
				261F780E27AB9D1E00B12235 /* CellStyleDefaultFontViewController.swift in Sources */,
				807FE373275E1D1D00E60A6D /* ScrollViewTwoDirectionsViewController.swift in Sources */,
				2696D018279B2F0B004521F0 /* ButtonCornerStyleViewController.swift in Sources */,
				8050A3E9275A385C00CE2BD4 /* MainMenuViewController.swift in Sources */,
				8050A3D2275A329D00CE2BD4 /* SceneDelegate.swift in Sources */,
				807FE363275E0B7500E60A6D /* ScrollViewVerticalViewController.swift in Sources */,
				26D816F627A459E5005F8135 /* TableViewSeparatorStyleLineViewController.swift in Sources */,
				26D6322F279C7E170029AE96 /* TextFieldDisabledViewController.swift in Sources */,
				26D8170027A459E5005F8135 /* TableViewStyleMenuViewController.swift in Sources */,
				26A3C64C27A310030029020F /* TextViewNonEditableNonSelectableViewController.swift in Sources */,
				26D816FD27A459E5005F8135 /* TableViewStyleGroupedViewController.swift in Sources */,
				2696CFFD279B0D02004521F0 /* FontWeightsViewController.swift in Sources */,
				26A3C64E27A310030029020F /* TextViewEditableViewController.swift in Sources */,
				2696D00C279B2D33004521F0 /* ButtonStylesViewController.swift in Sources */,
				261F781E27AC4EDD00B12235 /* TableViewSectionHeaderView.swift in Sources */,
				261F781A27ABA49700B12235 /* TableViewHeaderFooterView.swift in Sources */,
				26F3843A27A85C1F005E2588 /* CellSelectionStyleItem.swift in Sources */,
				26D816F927A459E5005F8135 /* CellSeparatorInsetsViewController.swift in Sources */,
				26D63230279C7E170029AE96 /* TextFieldKeyboardTypeViewController.swift in Sources */,
				807FE376275E1D1D00E60A6D /* ScrollViewHorizontalViewController.swift in Sources */,
				2696D015279B2D94004521F0 /* ButtonToggleViewController.swift in Sources */,
				26F3843C27A87979005E2588 /* CellAccessoryTypeItem.swift in Sources */,
				807FE379275E1D1D00E60A6D /* ScrollViewWithKeyboardViewController.swift in Sources */,
				2696D022279B3031004521F0 /* OtherButtonsViewController.swift in Sources */,
				26D8170227A459E5005F8135 /* CellAccessoryTypeViewController.swift in Sources */,
				261F782127AC700000B12235 /* TableViewSectionIndexViewController.swift in Sources */,
				2696CFF0279B030F004521F0 /* LabelMenuViewController.swift in Sources */,
				2696D001279B0D15004521F0 /* TextStylesViewController.swift in Sources */,
				26A3C65227A310030029020F /* TextViewNonEditableViewController.swift in Sources */,
				8050A3FA275A5A0100CE2BD4 /* UIViewControllerExtensions.swift in Sources */,
				26F3843827A85C0B005E2588 /* CellStyleSection.swift in Sources */,
				2658055427AFB705002255F7 /* BaseTextFieldViewController.swift in Sources */,
				261F782927AC731D00B12235 /* Person.swift in Sources */,
				807FE354275E02D700E60A6D /* MenuViewController.swift in Sources */,
				261F780A27AB9D1E00B12235 /* CellStyleMenuViewController.swift in Sources */,
				26D63226279C7E170029AE96 /* TextFieldReturnKeyTypeViewController.swift in Sources */,
				807FE35C275E0AA100E60A6D /* ScrollViewMenuViewController.swift in Sources */,
				26D8170427A459E5005F8135 /* CellSelectionStyleViewController.swift in Sources */,
				8050A3FC275A5AFB00CE2BD4 /* MainMenuItem.swift in Sources */,
				2696CFF2279B0316004521F0 /* LabelMenuItem.swift in Sources */,
				26D816C127A4576A005F8135 /* TableViewMenuViewController.swift in Sources */,
				261F780C27AB9D1E00B12235 /* CellStyleBodyViewController.swift in Sources */,
				807FE356275E062100E60A6D /* MenuItemProtocol.swift in Sources */,
				807FE360275E0ADF00E60A6D /* ScrollViewMenuItem.swift in Sources */,
				26F3843E27A87C99005E2588 /* CellSeparatorInsetsItem.swift in Sources */,
				261F781127AB9EB900B12235 /* CellStyleBaseViewController.swift in Sources */,
				267400B927836A7200BCA6D3 /* AllElementsViewController.swift in Sources */,
				26D631FA279C08230029AE96 /* ButtonImagePlacementViewController.swift in Sources */,
				261F780B27AB9D1E00B12235 /* CellStyleMenuItem.swift in Sources */,
				26D816FC27A459E5005F8135 /* TableViewStyleInsetGroupedViewController.swift in Sources */,
			);
			runOnlyForDeploymentPostprocessing = 0;
		};
/* End PBXSourcesBuildPhase section */

/* Begin PBXVariantGroup section */
		8050A3DA275A329E00CE2BD4 /* LaunchScreen.storyboard */ = {
			isa = PBXVariantGroup;
			children = (
				8050A3DB275A329E00CE2BD4 /* Base */,
			);
			name = LaunchScreen.storyboard;
			sourceTree = "<group>";
		};
/* End PBXVariantGroup section */

/* Begin XCBuildConfiguration section */
		8050A3DE275A329E00CE2BD4 /* Debug */ = {
			isa = XCBuildConfiguration;
			buildSettings = {
				ALWAYS_SEARCH_USER_PATHS = NO;
				CLANG_ANALYZER_NONNULL = YES;
				CLANG_ANALYZER_NUMBER_OBJECT_CONVERSION = YES_AGGRESSIVE;
				CLANG_CXX_LANGUAGE_STANDARD = "gnu++17";
				CLANG_CXX_LIBRARY = "libc++";
				CLANG_ENABLE_MODULES = YES;
				CLANG_ENABLE_OBJC_ARC = YES;
				CLANG_ENABLE_OBJC_WEAK = YES;
				CLANG_WARN_BLOCK_CAPTURE_AUTORELEASING = YES;
				CLANG_WARN_BOOL_CONVERSION = YES;
				CLANG_WARN_COMMA = YES;
				CLANG_WARN_CONSTANT_CONVERSION = YES;
				CLANG_WARN_DEPRECATED_OBJC_IMPLEMENTATIONS = YES;
				CLANG_WARN_DIRECT_OBJC_ISA_USAGE = YES_ERROR;
				CLANG_WARN_DOCUMENTATION_COMMENTS = YES;
				CLANG_WARN_EMPTY_BODY = YES;
				CLANG_WARN_ENUM_CONVERSION = YES;
				CLANG_WARN_INFINITE_RECURSION = YES;
				CLANG_WARN_INT_CONVERSION = YES;
				CLANG_WARN_NON_LITERAL_NULL_CONVERSION = YES;
				CLANG_WARN_OBJC_IMPLICIT_RETAIN_SELF = YES;
				CLANG_WARN_OBJC_LITERAL_CONVERSION = YES;
				CLANG_WARN_OBJC_ROOT_CLASS = YES_ERROR;
				CLANG_WARN_QUOTED_INCLUDE_IN_FRAMEWORK_HEADER = YES;
				CLANG_WARN_RANGE_LOOP_ANALYSIS = YES;
				CLANG_WARN_STRICT_PROTOTYPES = YES;
				CLANG_WARN_SUSPICIOUS_MOVE = YES;
				CLANG_WARN_UNGUARDED_AVAILABILITY = YES_AGGRESSIVE;
				CLANG_WARN_UNREACHABLE_CODE = YES;
				CLANG_WARN__DUPLICATE_METHOD_MATCH = YES;
				COPY_PHASE_STRIP = NO;
				DEBUG_INFORMATION_FORMAT = dwarf;
				ENABLE_STRICT_OBJC_MSGSEND = YES;
				ENABLE_TESTABILITY = YES;
				GCC_C_LANGUAGE_STANDARD = gnu11;
				GCC_DYNAMIC_NO_PIC = NO;
				GCC_NO_COMMON_BLOCKS = YES;
				GCC_OPTIMIZATION_LEVEL = 0;
				GCC_PREPROCESSOR_DEFINITIONS = (
					"DEBUG=1",
					"$(inherited)",
				);
				GCC_WARN_64_TO_32_BIT_CONVERSION = YES;
				GCC_WARN_ABOUT_RETURN_TYPE = YES_ERROR;
				GCC_WARN_UNDECLARED_SELECTOR = YES;
				GCC_WARN_UNINITIALIZED_AUTOS = YES_AGGRESSIVE;
				GCC_WARN_UNUSED_FUNCTION = YES;
				GCC_WARN_UNUSED_VARIABLE = YES;
				IPHONEOS_DEPLOYMENT_TARGET = 15.0;
				MTL_ENABLE_DEBUG_INFO = INCLUDE_SOURCE;
				MTL_FAST_MATH = YES;
				ONLY_ACTIVE_ARCH = YES;
				SDKROOT = iphoneos;
				SWIFT_ACTIVE_COMPILATION_CONDITIONS = DEBUG;
				SWIFT_OPTIMIZATION_LEVEL = "-Onone";
			};
			name = Debug;
		};
		8050A3DF275A329E00CE2BD4 /* Release */ = {
			isa = XCBuildConfiguration;
			buildSettings = {
				ALWAYS_SEARCH_USER_PATHS = NO;
				CLANG_ANALYZER_NONNULL = YES;
				CLANG_ANALYZER_NUMBER_OBJECT_CONVERSION = YES_AGGRESSIVE;
				CLANG_CXX_LANGUAGE_STANDARD = "gnu++17";
				CLANG_CXX_LIBRARY = "libc++";
				CLANG_ENABLE_MODULES = YES;
				CLANG_ENABLE_OBJC_ARC = YES;
				CLANG_ENABLE_OBJC_WEAK = YES;
				CLANG_WARN_BLOCK_CAPTURE_AUTORELEASING = YES;
				CLANG_WARN_BOOL_CONVERSION = YES;
				CLANG_WARN_COMMA = YES;
				CLANG_WARN_CONSTANT_CONVERSION = YES;
				CLANG_WARN_DEPRECATED_OBJC_IMPLEMENTATIONS = YES;
				CLANG_WARN_DIRECT_OBJC_ISA_USAGE = YES_ERROR;
				CLANG_WARN_DOCUMENTATION_COMMENTS = YES;
				CLANG_WARN_EMPTY_BODY = YES;
				CLANG_WARN_ENUM_CONVERSION = YES;
				CLANG_WARN_INFINITE_RECURSION = YES;
				CLANG_WARN_INT_CONVERSION = YES;
				CLANG_WARN_NON_LITERAL_NULL_CONVERSION = YES;
				CLANG_WARN_OBJC_IMPLICIT_RETAIN_SELF = YES;
				CLANG_WARN_OBJC_LITERAL_CONVERSION = YES;
				CLANG_WARN_OBJC_ROOT_CLASS = YES_ERROR;
				CLANG_WARN_QUOTED_INCLUDE_IN_FRAMEWORK_HEADER = YES;
				CLANG_WARN_RANGE_LOOP_ANALYSIS = YES;
				CLANG_WARN_STRICT_PROTOTYPES = YES;
				CLANG_WARN_SUSPICIOUS_MOVE = YES;
				CLANG_WARN_UNGUARDED_AVAILABILITY = YES_AGGRESSIVE;
				CLANG_WARN_UNREACHABLE_CODE = YES;
				CLANG_WARN__DUPLICATE_METHOD_MATCH = YES;
				COPY_PHASE_STRIP = NO;
				DEBUG_INFORMATION_FORMAT = "dwarf-with-dsym";
				ENABLE_NS_ASSERTIONS = NO;
				ENABLE_STRICT_OBJC_MSGSEND = YES;
				GCC_C_LANGUAGE_STANDARD = gnu11;
				GCC_NO_COMMON_BLOCKS = YES;
				GCC_WARN_64_TO_32_BIT_CONVERSION = YES;
				GCC_WARN_ABOUT_RETURN_TYPE = YES_ERROR;
				GCC_WARN_UNDECLARED_SELECTOR = YES;
				GCC_WARN_UNINITIALIZED_AUTOS = YES_AGGRESSIVE;
				GCC_WARN_UNUSED_FUNCTION = YES;
				GCC_WARN_UNUSED_VARIABLE = YES;
				IPHONEOS_DEPLOYMENT_TARGET = 15.0;
				MTL_ENABLE_DEBUG_INFO = NO;
				MTL_FAST_MATH = YES;
				SDKROOT = iphoneos;
				SWIFT_COMPILATION_MODE = wholemodule;
				SWIFT_OPTIMIZATION_LEVEL = "-O";
				VALIDATE_PRODUCT = YES;
			};
			name = Release;
		};
		8050A3E1275A329E00CE2BD4 /* Debug */ = {
			isa = XCBuildConfiguration;
			buildSettings = {
				ASSETCATALOG_COMPILER_APPICON_NAME = AppIcon;
				ASSETCATALOG_COMPILER_GLOBAL_ACCENT_COLOR_NAME = AccentColor;
				CODE_SIGN_IDENTITY = "Apple Development";
				CODE_SIGN_STYLE = Automatic;
				CURRENT_PROJECT_VERSION = 1;
				DEVELOPMENT_TEAM = 9G3V3Z24HF;
				GENERATE_INFOPLIST_FILE = YES;
				INFOPLIST_FILE = "UIKit-Storyboard/Supporting files/Info.plist";
				INFOPLIST_KEY_UIApplicationSupportsIndirectInputEvents = YES;
				INFOPLIST_KEY_UILaunchStoryboardName = LaunchScreen;
				INFOPLIST_KEY_UIMainStoryboardFile = MainMenu;
				INFOPLIST_KEY_UISupportedInterfaceOrientations_iPad = "UIInterfaceOrientationPortrait UIInterfaceOrientationPortraitUpsideDown UIInterfaceOrientationLandscapeLeft UIInterfaceOrientationLandscapeRight";
				INFOPLIST_KEY_UISupportedInterfaceOrientations_iPhone = "UIInterfaceOrientationPortrait UIInterfaceOrientationLandscapeLeft UIInterfaceOrientationLandscapeRight";
				LD_RUNPATH_SEARCH_PATHS = (
					"$(inherited)",
					"@executable_path/Frameworks",
				);
				MARKETING_VERSION = 1.0;
				PRODUCT_BUNDLE_IDENTIFIER = "com.kamil.UIKit-Storyboard";
				PRODUCT_NAME = "$(TARGET_NAME)";
				PROVISIONING_PROFILE_SPECIFIER = "";
				SWIFT_EMIT_LOC_STRINGS = YES;
				SWIFT_VERSION = 5.0;
				TARGETED_DEVICE_FAMILY = "1,2";
			};
			name = Debug;
		};
		8050A3E2275A329E00CE2BD4 /* Release */ = {
			isa = XCBuildConfiguration;
			buildSettings = {
				ASSETCATALOG_COMPILER_APPICON_NAME = AppIcon;
				ASSETCATALOG_COMPILER_GLOBAL_ACCENT_COLOR_NAME = AccentColor;
				CODE_SIGN_IDENTITY = "Apple Development";
				CODE_SIGN_STYLE = Automatic;
				CURRENT_PROJECT_VERSION = 1;
				DEVELOPMENT_TEAM = 9G3V3Z24HF;
				GENERATE_INFOPLIST_FILE = YES;
				INFOPLIST_FILE = "UIKit-Storyboard/Supporting files/Info.plist";
				INFOPLIST_KEY_UIApplicationSupportsIndirectInputEvents = YES;
				INFOPLIST_KEY_UILaunchStoryboardName = LaunchScreen;
				INFOPLIST_KEY_UIMainStoryboardFile = MainMenu;
				INFOPLIST_KEY_UISupportedInterfaceOrientations_iPad = "UIInterfaceOrientationPortrait UIInterfaceOrientationPortraitUpsideDown UIInterfaceOrientationLandscapeLeft UIInterfaceOrientationLandscapeRight";
				INFOPLIST_KEY_UISupportedInterfaceOrientations_iPhone = "UIInterfaceOrientationPortrait UIInterfaceOrientationLandscapeLeft UIInterfaceOrientationLandscapeRight";
				LD_RUNPATH_SEARCH_PATHS = (
					"$(inherited)",
					"@executable_path/Frameworks",
				);
				MARKETING_VERSION = 1.0;
				PRODUCT_BUNDLE_IDENTIFIER = "com.kamil.UIKit-Storyboard";
				PRODUCT_NAME = "$(TARGET_NAME)";
				PROVISIONING_PROFILE_SPECIFIER = "";
				SWIFT_EMIT_LOC_STRINGS = YES;
				SWIFT_VERSION = 5.0;
				TARGETED_DEVICE_FAMILY = "1,2";
			};
			name = Release;
		};
/* End XCBuildConfiguration section */

/* Begin XCConfigurationList section */
		8050A3C7275A329D00CE2BD4 /* Build configuration list for PBXProject "UIKit-Storyboard" */ = {
			isa = XCConfigurationList;
			buildConfigurations = (
				8050A3DE275A329E00CE2BD4 /* Debug */,
				8050A3DF275A329E00CE2BD4 /* Release */,
			);
			defaultConfigurationIsVisible = 0;
			defaultConfigurationName = Release;
		};
		8050A3E0275A329E00CE2BD4 /* Build configuration list for PBXNativeTarget "UIKit-Storyboard" */ = {
			isa = XCConfigurationList;
			buildConfigurations = (
				8050A3E1275A329E00CE2BD4 /* Debug */,
				8050A3E2275A329E00CE2BD4 /* Release */,
			);
			defaultConfigurationIsVisible = 0;
			defaultConfigurationName = Release;
		};
/* End XCConfigurationList section */
	};
	rootObject = 8050A3C4275A329D00CE2BD4 /* Project object */;
}
